<?xml version="1.0" encoding="Windows-1252"?>
<Project ToolsVersion="12.0" xmlns="http://schemas.microsoft.com/developer/msbuild/2003">
  <ItemGroup>
    <CustomBuild Include="..\..\CMakeFiles\fd0a3d9e0a6c599ea91002d26bee3f8f\PACKAGE_force.rule">
      <Filter>CMake Rules</Filter>
    </CustomBuild>
  </ItemGroup>
  <ItemGroup>
    <Filter Include="CMake Rules">
      <UniqueIdentifier>{C3DB5313-5F3E-493E-9A86-B262935BCE98}</UniqueIdentifier>
    </Filter>
  </ItemGroup>
</Project>
