<?xml version="1.0" encoding="Windows-1252"?>
<Project ToolsVersion="12.0" xmlns="http://schemas.microsoft.com/developer/msbuild/2003">
  <ItemGroup>
    <ClCompile Include="..\..\..\modules\shape\src\aff_trans.cpp">
      <Filter>Src</Filter>
    </ClCompile>
    <ClCompile Include="..\..\..\modules\shape\src\emdL1.cpp">
      <Filter>Src</Filter>
    </ClCompile>
    <ClCompile Include="..\..\..\modules\shape\src\haus_dis.cpp">
      <Filter>Src</Filter>
    </ClCompile>
    <ClCompile Include="..\..\..\modules\shape\src\hist_cost.cpp">
      <Filter>Src</Filter>
    </ClCompile>
    <ClCompile Include="..\..\..\modules\shape\src\precomp.cpp">
      <Filter>Src</Filter>
    </ClCompile>
    <ClCompile Include="..\..\..\modules\shape\src\sc_dis.cpp">
      <Filter>Src</Filter>
    </ClCompile>
    <ClCompile Include="..\..\..\modules\shape\src\tps_trans.cpp">
      <Filter>Src</Filter>
    </ClCompile>
    <ClCompile Include="opencv_shape_pch.cpp">
      <Filter>Source Files</Filter>
    </ClCompile>
  </ItemGroup>
  <ItemGroup>
    <ClInclude Include="..\..\..\modules\shape\include\opencv2\shape.hpp">
      <Filter>Include\opencv2</Filter>
    </ClInclude>
    <ClInclude Include="..\..\..\modules\shape\include\opencv2\shape\emdL1.hpp">
      <Filter>Include\opencv2\shape</Filter>
    </ClInclude>
    <ClInclude Include="..\..\..\modules\shape\include\opencv2\shape\hist_cost.hpp">
      <Filter>Include\opencv2\shape</Filter>
    </ClInclude>
    <ClInclude Include="..\..\..\modules\shape\include\opencv2\shape\shape.hpp">
      <Filter>Include\opencv2\shape</Filter>
    </ClInclude>
    <ClInclude Include="..\..\..\modules\shape\include\opencv2\shape\shape_distance.hpp">
      <Filter>Include\opencv2\shape</Filter>
    </ClInclude>
    <ClInclude Include="..\..\..\modules\shape\include\opencv2\shape\shape_transformer.hpp">
      <Filter>Include\opencv2\shape</Filter>
    </ClInclude>
    <ClInclude Include="..\..\..\modules\shape\src\emdL1_def.hpp">
      <Filter>Src</Filter>
    </ClInclude>
    <ClInclude Include="..\..\..\modules\shape\src\precomp.hpp">
      <Filter>Src</Filter>
    </ClInclude>
    <ClInclude Include="..\..\..\modules\shape\src\scd_def.hpp">
      <Filter>Src</Filter>
    </ClInclude>
    <ClInclude Include="..\..\cvconfig.h">
      <Filter>Header Files</Filter>
    </ClInclude>
    <ClInclude Include="..\..\opencv2\opencv_modules.hpp">
      <Filter>Header Files</Filter>
    </ClInclude>
  </ItemGroup>
  <ItemGroup>
    <CustomBuild Include="..\..\..\modules\shape\CMakeLists.txt" />
  </ItemGroup>
  <ItemGroup>
    <Filter Include="Include\opencv2">
      <UniqueIdentifier>{F6FDFA45-5E41-43CB-8F17-9FAD9F2D5543}</UniqueIdentifier>
    </Filter>
    <Filter Include="Include\opencv2\shape">
      <UniqueIdentifier>{F775FC19-8414-4A30-BC27-528ECFD00F5A}</UniqueIdentifier>
    </Filter>
    <Filter Include="Source Files">
      <UniqueIdentifier>{767091AC-86A9-4490-BAF7-D1E62377CF42}</UniqueIdentifier>
    </Filter>
    <Filter Include="Header Files">
      <UniqueIdentifier>{52381694-BCD0-4F6F-A787-DF573317999D}</UniqueIdentifier>
    </Filter>
    <Filter Include="Src">
      <UniqueIdentifier>{EC495AF8-AC86-47E8-80BB-40DAD6F71825}</UniqueIdentifier>
    </Filter>
    <Filter Include="Include">
      <UniqueIdentifier>{6BBB6795-B3AA-4EA1-8D71-F1764CC461C3}</UniqueIdentifier>
    </Filter>
  </ItemGroup>
</Project>
