
Microsoft Visual Studio Solution File, Format Version 12.00
# Visual Studio 2013
VisualStudioVersion = 12.0.31101.0
MinimumVisualStudioVersion = 10.0.40219.1
Project("{FAE04EC0-301F-11D3-BF4B-00C04F79EFBC}") = "OcvImageManipulation", "PhoneXamlDirect3DApp1\PhoneXamlDirect3DApp1\OcvImageManipulation.csproj", "{CC734B3D-D8F2-4528-B223-0E7B8A4F6CC7}"
EndProject
Project("{8BC9CEB8-8B4A-11D0-8D11-00A0C91BC942}") = "PhoneXamlDirect3DApp1Comp", "PhoneXamlDirect3DApp1\PhoneXamlDirect3DApp1Comp\PhoneXamlDirect3DApp1Comp.vcxproj", "{C0F94AFA-466F-4FC4-B5C1-6CD955F3FF88}"
EndProject
Project("{8BC9CEB8-8B4A-11D0-8D11-00A0C91BC942}") = "opencv_core", "..\..\..\bin\WP\8.0\x86\modules\core\opencv_core.vcxproj", "{FE2C3ACA-B052-4AFA-AC9F-1141A4F6AE80}"
EndProject
Project("{8BC9CEB8-8B4A-11D0-8D11-00A0C91BC942}") = "opencv_features2d", "..\..\..\bin\WP\8.0\x86\modules\features2d\opencv_features2d.vcxproj", "{16BC2ADF-21DB-47D2-AE03-2699B7436A9A}"
EndProject
Project("{8BC9CEB8-8B4A-11D0-8D11-00A0C91BC942}") = "opencv_flann", "..\..\..\bin\WP\8.0\x86\modules\flann\opencv_flann.vcxproj", "{807EB6BA-AB9F-44BB-95E9-D842458B9AB7}"
EndProject
Project("{8BC9CEB8-8B4A-11D0-8D11-00A0C91BC942}") = "opencv_imgproc", "..\..\..\bin\WP\8.0\x86\modules\imgproc\opencv_imgproc.vcxproj", "{BFFD9410-E22B-4F45-A911-65281214DE31}"
EndProject
Project("{8BC9CEB8-8B4A-11D0-8D11-00A0C91BC942}") = "zlib", "..\..\..\bin\WP\8.0\x86\3rdparty\zlib\zlib.vcxproj", "{40C09279-E132-4ABA-A842-AB2A72466A73}"
EndProject
Project("{8BC9CEB8-8B4A-11D0-8D11-00A0C91BC942}") = "opencv_ml", "..\..\..\bin\WP\8.0\x86\modules\ml\opencv_ml.vcxproj", "{AAFE7715-C374-4F79-947F-858609C42B2E}"
EndProject
Global
	GlobalSection(SolutionConfigurationPlatforms) = preSolution
		Debug|Any CPU = Debug|Any CPU
		Debug|ARM = Debug|ARM
		Debug|Mixed Platforms = Debug|Mixed Platforms
		Debug|Win32 = Debug|Win32
		Debug|x86 = Debug|x86
		Release|Any CPU = Release|Any CPU
		Release|ARM = Release|ARM
		Release|Mixed Platforms = Release|Mixed Platforms
		Release|Win32 = Release|Win32
		Release|x86 = Release|x86
	EndGlobalSection
	GlobalSection(ProjectConfigurationPlatforms) = postSolution
		{CC734B3D-D8F2-4528-B223-0E7B8A4F6CC7}.Debug|Any CPU.ActiveCfg = Debug|Any CPU
		{CC734B3D-D8F2-4528-B223-0E7B8A4F6CC7}.Debug|Any CPU.Build.0 = Debug|Any CPU
		{CC734B3D-D8F2-4528-B223-0E7B8A4F6CC7}.Debug|Any CPU.Deploy.0 = Debug|Any CPU
		{CC734B3D-D8F2-4528-B223-0E7B8A4F6CC7}.Debug|ARM.ActiveCfg = Debug|ARM
		{CC734B3D-D8F2-4528-B223-0E7B8A4F6CC7}.Debug|ARM.Build.0 = Debug|ARM
		{CC734B3D-D8F2-4528-B223-0E7B8A4F6CC7}.Debug|ARM.Deploy.0 = Debug|ARM
		{CC734B3D-D8F2-4528-B223-0E7B8A4F6CC7}.Debug|Mixed Platforms.ActiveCfg = Debug|x86
		{CC734B3D-D8F2-4528-B223-0E7B8A4F6CC7}.Debug|Mixed Platforms.Build.0 = Debug|x86
		{CC734B3D-D8F2-4528-B223-0E7B8A4F6CC7}.Debug|Mixed Platforms.Deploy.0 = Debug|x86
		{CC734B3D-D8F2-4528-B223-0E7B8A4F6CC7}.Debug|Win32.ActiveCfg = Debug|x86
		{CC734B3D-D8F2-4528-B223-0E7B8A4F6CC7}.Debug|Win32.Build.0 = Debug|x86
		{CC734B3D-D8F2-4528-B223-0E7B8A4F6CC7}.Debug|Win32.Deploy.0 = Debug|x86
		{CC734B3D-D8F2-4528-B223-0E7B8A4F6CC7}.Debug|x86.ActiveCfg = Debug|x86
		{CC734B3D-D8F2-4528-B223-0E7B8A4F6CC7}.Debug|x86.Build.0 = Debug|x86
		{CC734B3D-D8F2-4528-B223-0E7B8A4F6CC7}.Debug|x86.Deploy.0 = Debug|x86
		{CC734B3D-D8F2-4528-B223-0E7B8A4F6CC7}.Release|Any CPU.ActiveCfg = Release|Any CPU
		{CC734B3D-D8F2-4528-B223-0E7B8A4F6CC7}.Release|Any CPU.Build.0 = Release|Any CPU
		{CC734B3D-D8F2-4528-B223-0E7B8A4F6CC7}.Release|Any CPU.Deploy.0 = Release|Any CPU
		{CC734B3D-D8F2-4528-B223-0E7B8A4F6CC7}.Release|ARM.ActiveCfg = Release|ARM
		{CC734B3D-D8F2-4528-B223-0E7B8A4F6CC7}.Release|ARM.Build.0 = Release|ARM
		{CC734B3D-D8F2-4528-B223-0E7B8A4F6CC7}.Release|ARM.Deploy.0 = Release|ARM
		{CC734B3D-D8F2-4528-B223-0E7B8A4F6CC7}.Release|Mixed Platforms.ActiveCfg = Release|x86
		{CC734B3D-D8F2-4528-B223-0E7B8A4F6CC7}.Release|Mixed Platforms.Build.0 = Release|x86
		{CC734B3D-D8F2-4528-B223-0E7B8A4F6CC7}.Release|Mixed Platforms.Deploy.0 = Release|x86
		{CC734B3D-D8F2-4528-B223-0E7B8A4F6CC7}.Release|Win32.ActiveCfg = Release|x86
		{CC734B3D-D8F2-4528-B223-0E7B8A4F6CC7}.Release|Win32.Build.0 = Release|x86
		{CC734B3D-D8F2-4528-B223-0E7B8A4F6CC7}.Release|Win32.Deploy.0 = Release|x86
		{CC734B3D-D8F2-4528-B223-0E7B8A4F6CC7}.Release|x86.ActiveCfg = Release|x86
		{CC734B3D-D8F2-4528-B223-0E7B8A4F6CC7}.Release|x86.Build.0 = Release|x86
		{CC734B3D-D8F2-4528-B223-0E7B8A4F6CC7}.Release|x86.Deploy.0 = Release|x86
		{C0F94AFA-466F-4FC4-B5C1-6CD955F3FF88}.Debug|Any CPU.ActiveCfg = Debug|Win32
		{C0F94AFA-466F-4FC4-B5C1-6CD955F3FF88}.Debug|ARM.ActiveCfg = Debug|ARM
		{C0F94AFA-466F-4FC4-B5C1-6CD955F3FF88}.Debug|ARM.Build.0 = Debug|ARM
		{C0F94AFA-466F-4FC4-B5C1-6CD955F3FF88}.Debug|Mixed Platforms.ActiveCfg = Debug|Win32
		{C0F94AFA-466F-4FC4-B5C1-6CD955F3FF88}.Debug|Mixed Platforms.Build.0 = Debug|Win32
		{C0F94AFA-466F-4FC4-B5C1-6CD955F3FF88}.Debug|Win32.ActiveCfg = Debug|Win32
		{C0F94AFA-466F-4FC4-B5C1-6CD955F3FF88}.Debug|Win32.Build.0 = Debug|Win32
		{C0F94AFA-466F-4FC4-B5C1-6CD955F3FF88}.Debug|x86.ActiveCfg = Debug|Win32
		{C0F94AFA-466F-4FC4-B5C1-6CD955F3FF88}.Debug|x86.Build.0 = Debug|Win32
		{C0F94AFA-466F-4FC4-B5C1-6CD955F3FF88}.Release|Any CPU.ActiveCfg = Release|Win32
		{C0F94AFA-466F-4FC4-B5C1-6CD955F3FF88}.Release|ARM.ActiveCfg = Release|ARM
		{C0F94AFA-466F-4FC4-B5C1-6CD955F3FF88}.Release|ARM.Build.0 = Release|ARM
		{C0F94AFA-466F-4FC4-B5C1-6CD955F3FF88}.Release|Mixed Platforms.ActiveCfg = Release|Win32
		{C0F94AFA-466F-4FC4-B5C1-6CD955F3FF88}.Release|Mixed Platforms.Build.0 = Release|Win32
		{C0F94AFA-466F-4FC4-B5C1-6CD955F3FF88}.Release|Win32.ActiveCfg = Release|Win32
		{C0F94AFA-466F-4FC4-B5C1-6CD955F3FF88}.Release|Win32.Build.0 = Release|Win32
		{C0F94AFA-466F-4FC4-B5C1-6CD955F3FF88}.Release|x86.ActiveCfg = Release|Win32
		{C0F94AFA-466F-4FC4-B5C1-6CD955F3FF88}.Release|x86.Build.0 = Release|Win32
		{FE2C3ACA-B052-4AFA-AC9F-1141A4F6AE80}.Debug|Any CPU.ActiveCfg = Debug|Win32
		{FE2C3ACA-B052-4AFA-AC9F-1141A4F6AE80}.Debug|ARM.ActiveCfg = Debug|Win32
		{FE2C3ACA-B052-4AFA-AC9F-1141A4F6AE80}.Debug|Mixed Platforms.ActiveCfg = Debug|Win32
		{FE2C3ACA-B052-4AFA-AC9F-1141A4F6AE80}.Debug|Mixed Platforms.Build.0 = Debug|Win32
		{FE2C3ACA-B052-4AFA-AC9F-1141A4F6AE80}.Debug|Win32.ActiveCfg = Debug|Win32
		{FE2C3ACA-B052-4AFA-AC9F-1141A4F6AE80}.Debug|Win32.Build.0 = Debug|Win32
		{FE2C3ACA-B052-4AFA-AC9F-1141A4F6AE80}.Debug|x86.ActiveCfg = Debug|Win32
		{FE2C3ACA-B052-4AFA-AC9F-1141A4F6AE80}.Debug|x86.Build.0 = Debug|Win32
		{FE2C3ACA-B052-4AFA-AC9F-1141A4F6AE80}.Release|Any CPU.ActiveCfg = Release|Win32
		{FE2C3ACA-B052-4AFA-AC9F-1141A4F6AE80}.Release|ARM.ActiveCfg = Release|Win32
		{FE2C3ACA-B052-4AFA-AC9F-1141A4F6AE80}.Release|Mixed Platforms.ActiveCfg = Release|Win32
		{FE2C3ACA-B052-4AFA-AC9F-1141A4F6AE80}.Release|Mixed Platforms.Build.0 = Release|Win32
		{FE2C3ACA-B052-4AFA-AC9F-1141A4F6AE80}.Release|Win32.ActiveCfg = Release|Win32
		{FE2C3ACA-B052-4AFA-AC9F-1141A4F6AE80}.Release|Win32.Build.0 = Release|Win32
		{FE2C3ACA-B052-4AFA-AC9F-1141A4F6AE80}.Release|x86.ActiveCfg = Release|Win32
		{FE2C3ACA-B052-4AFA-AC9F-1141A4F6AE80}.Release|x86.Build.0 = Release|Win32
		{16BC2ADF-21DB-47D2-AE03-2699B7436A9A}.Debug|Any CPU.ActiveCfg = Debug|Win32
		{16BC2ADF-21DB-47D2-AE03-2699B7436A9A}.Debug|ARM.ActiveCfg = Debug|Win32
		{16BC2ADF-21DB-47D2-AE03-2699B7436A9A}.Debug|Mixed Platforms.ActiveCfg = Debug|Win32
		{16BC2ADF-21DB-47D2-AE03-2699B7436A9A}.Debug|Mixed Platforms.Build.0 = Debug|Win32
		{16BC2ADF-21DB-47D2-AE03-2699B7436A9A}.Debug|Win32.ActiveCfg = Debug|Win32
		{16BC2ADF-21DB-47D2-AE03-2699B7436A9A}.Debug|Win32.Build.0 = Debug|Win32
		{16BC2ADF-21DB-47D2-AE03-2699B7436A9A}.Debug|x86.ActiveCfg = Debug|Win32
		{16BC2ADF-21DB-47D2-AE03-2699B7436A9A}.Debug|x86.Build.0 = Debug|Win32
		{16BC2ADF-21DB-47D2-AE03-2699B7436A9A}.Release|Any CPU.ActiveCfg = Release|Win32
		{16BC2ADF-21DB-47D2-AE03-2699B7436A9A}.Release|ARM.ActiveCfg = Release|Win32
		{16BC2ADF-21DB-47D2-AE03-2699B7436A9A}.Release|Mixed Platforms.ActiveCfg = Release|Win32
		{16BC2ADF-21DB-47D2-AE03-2699B7436A9A}.Release|Mixed Platforms.Build.0 = Release|Win32
		{16BC2ADF-21DB-47D2-AE03-2699B7436A9A}.Release|Win32.ActiveCfg = Release|Win32
		{16BC2ADF-21DB-47D2-AE03-2699B7436A9A}.Release|Win32.Build.0 = Release|Win32
		{16BC2ADF-21DB-47D2-AE03-2699B7436A9A}.Release|x86.ActiveCfg = Release|Win32
		{16BC2ADF-21DB-47D2-AE03-2699B7436A9A}.Release|x86.Build.0 = Release|Win32
		{807EB6BA-AB9F-44BB-95E9-D842458B9AB7}.Debug|Any CPU.ActiveCfg = Debug|Win32
		{807EB6BA-AB9F-44BB-95E9-D842458B9AB7}.Debug|ARM.ActiveCfg = Debug|Win32
		{807EB6BA-AB9F-44BB-95E9-D842458B9AB7}.Debug|Mixed Platforms.ActiveCfg = Debug|Win32
		{807EB6BA-AB9F-44BB-95E9-D842458B9AB7}.Debug|Mixed Platforms.Build.0 = Debug|Win32
		{807EB6BA-AB9F-44BB-95E9-D842458B9AB7}.Debug|Win32.ActiveCfg = Debug|Win32
		{807EB6BA-AB9F-44BB-95E9-D842458B9AB7}.Debug|Win32.Build.0 = Debug|Win32
		{807EB6BA-AB9F-44BB-95E9-D842458B9AB7}.Debug|x86.ActiveCfg = Debug|Win32
		{807EB6BA-AB9F-44BB-95E9-D842458B9AB7}.Debug|x86.Build.0 = Debug|Win32
		{807EB6BA-AB9F-44BB-95E9-D842458B9AB7}.Release|Any CPU.ActiveCfg = Release|Win32
		{807EB6BA-AB9F-44BB-95E9-D842458B9AB7}.Release|ARM.ActiveCfg = Release|Win32
		{807EB6BA-AB9F-44BB-95E9-D842458B9AB7}.Release|Mixed Platforms.ActiveCfg = Release|Win32
		{807EB6BA-AB9F-44BB-95E9-D842458B9AB7}.Release|Mixed Platforms.Build.0 = Release|Win32
		{807EB6BA-AB9F-44BB-95E9-D842458B9AB7}.Release|Win32.ActiveCfg = Release|Win32
		{807EB6BA-AB9F-44BB-95E9-D842458B9AB7}.Release|Win32.Build.0 = Release|Win32
		{807EB6BA-AB9F-44BB-95E9-D842458B9AB7}.Release|x86.ActiveCfg = Release|Win32
		{807EB6BA-AB9F-44BB-95E9-D842458B9AB7}.Release|x86.Build.0 = Release|Win32
		{BFFD9410-E22B-4F45-A911-65281214DE31}.Debug|Any CPU.ActiveCfg = Debug|Win32
		{BFFD9410-E22B-4F45-A911-65281214DE31}.Debug|ARM.ActiveCfg = Debug|Win32
		{BFFD9410-E22B-4F45-A911-65281214DE31}.Debug|Mixed Platforms.ActiveCfg = Debug|Win32
		{BFFD9410-E22B-4F45-A911-65281214DE31}.Debug|Mixed Platforms.Build.0 = Debug|Win32
		{BFFD9410-E22B-4F45-A911-65281214DE31}.Debug|Win32.ActiveCfg = Debug|Win32
		{BFFD9410-E22B-4F45-A911-65281214DE31}.Debug|Win32.Build.0 = Debug|Win32
		{BFFD9410-E22B-4F45-A911-65281214DE31}.Debug|x86.ActiveCfg = Debug|Win32
		{BFFD9410-E22B-4F45-A911-65281214DE31}.Debug|x86.Build.0 = Debug|Win32
		{BFFD9410-E22B-4F45-A911-65281214DE31}.Release|Any CPU.ActiveCfg = Release|Win32
		{BFFD9410-E22B-4F45-A911-65281214DE31}.Release|ARM.ActiveCfg = Release|Win32
		{BFFD9410-E22B-4F45-A911-65281214DE31}.Release|Mixed Platforms.ActiveCfg = Release|Win32
		{BFFD9410-E22B-4F45-A911-65281214DE31}.Release|Mixed Platforms.Build.0 = Release|Win32
		{BFFD9410-E22B-4F45-A911-65281214DE31}.Release|Win32.ActiveCfg = Release|Win32
		{BFFD9410-E22B-4F45-A911-65281214DE31}.Release|Win32.Build.0 = Release|Win32
		{BFFD9410-E22B-4F45-A911-65281214DE31}.Release|x86.ActiveCfg = Release|Win32
		{BFFD9410-E22B-4F45-A911-65281214DE31}.Release|x86.Build.0 = Release|Win32
		{40C09279-E132-4ABA-A842-AB2A72466A73}.Debug|Any CPU.ActiveCfg = Debug|Win32
		{40C09279-E132-4ABA-A842-AB2A72466A73}.Debug|ARM.ActiveCfg = Debug|Win32
		{40C09279-E132-4ABA-A842-AB2A72466A73}.Debug|Mixed Platforms.ActiveCfg = Debug|Win32
		{40C09279-E132-4ABA-A842-AB2A72466A73}.Debug|Mixed Platforms.Build.0 = Debug|Win32
		{40C09279-E132-4ABA-A842-AB2A72466A73}.Debug|Win32.ActiveCfg = Debug|Win32
		{40C09279-E132-4ABA-A842-AB2A72466A73}.Debug|Win32.Build.0 = Debug|Win32
		{40C09279-E132-4ABA-A842-AB2A72466A73}.Debug|x86.ActiveCfg = Debug|Win32
		{40C09279-E132-4ABA-A842-AB2A72466A73}.Debug|x86.Build.0 = Debug|Win32
		{40C09279-E132-4ABA-A842-AB2A72466A73}.Release|Any CPU.ActiveCfg = Release|Win32
		{40C09279-E132-4ABA-A842-AB2A72466A73}.Release|ARM.ActiveCfg = Release|Win32
		{40C09279-E132-4ABA-A842-AB2A72466A73}.Release|Mixed Platforms.ActiveCfg = Release|Win32
		{40C09279-E132-4ABA-A842-AB2A72466A73}.Release|Mixed Platforms.Build.0 = Release|Win32
		{40C09279-E132-4ABA-A842-AB2A72466A73}.Release|Win32.ActiveCfg = Release|Win32
		{40C09279-E132-4ABA-A842-AB2A72466A73}.Release|Win32.Build.0 = Release|Win32
		{40C09279-E132-4ABA-A842-AB2A72466A73}.Release|x86.ActiveCfg = Release|Win32
		{40C09279-E132-4ABA-A842-AB2A72466A73}.Release|x86.Build.0 = Release|Win32
		{AAFE7715-C374-4F79-947F-858609C42B2E}.Debug|Any CPU.ActiveCfg = Debug|Win32
		{AAFE7715-C374-4F79-947F-858609C42B2E}.Debug|ARM.ActiveCfg = Debug|Win32
		{AAFE7715-C374-4F79-947F-858609C42B2E}.Debug|Mixed Platforms.ActiveCfg = Debug|Win32
		{AAFE7715-C374-4F79-947F-858609C42B2E}.Debug|Mixed Platforms.Build.0 = Debug|Win32
		{AAFE7715-C374-4F79-947F-858609C42B2E}.Debug|Win32.ActiveCfg = Debug|Win32
		{AAFE7715-C374-4F79-947F-858609C42B2E}.Debug|Win32.Build.0 = Debug|Win32
		{AAFE7715-C374-4F79-947F-858609C42B2E}.Debug|x86.ActiveCfg = Debug|Win32
		{AAFE7715-C374-4F79-947F-858609C42B2E}.Debug|x86.Build.0 = Debug|Win32
		{AAFE7715-C374-4F79-947F-858609C42B2E}.Release|Any CPU.ActiveCfg = Release|Win32
		{AAFE7715-C374-4F79-947F-858609C42B2E}.Release|ARM.ActiveCfg = Release|Win32
		{AAFE7715-C374-4F79-947F-858609C42B2E}.Release|Mixed Platforms.ActiveCfg = Release|Win32
		{AAFE7715-C374-4F79-947F-858609C42B2E}.Release|Mixed Platforms.Build.0 = Release|Win32
		{AAFE7715-C374-4F79-947F-858609C42B2E}.Release|Win32.ActiveCfg = Release|Win32
		{AAFE7715-C374-4F79-947F-858609C42B2E}.Release|Win32.Build.0 = Release|Win32
		{AAFE7715-C374-4F79-947F-858609C42B2E}.Release|x86.ActiveCfg = Release|Win32
		{AAFE7715-C374-4F79-947F-858609C42B2E}.Release|x86.Build.0 = Release|Win32
	EndGlobalSection
	GlobalSection(SolutionProperties) = preSolution
		HideSolutionNode = FALSE
	EndGlobalSection
EndGlobal
