
Microsoft Visual Studio Solution File, Format Version 12.00
# Visual Studio 2013
VisualStudioVersion = 12.0.31101.0
MinimumVisualStudioVersion = 10.0.40219.1
Project("{2150E333-8FDC-42A3-9474-1A3956D46DE8}") = "VideoCapture", "VideoCapture", "{64ADE4A6-C3FF-45EE-92C2-62D6E85FF64A}"
EndProject
Project("{8BC9CEB8-8B4A-11D0-8D11-00A0C91BC942}") = "VideoCapture.Shared", "VideoCapture\VideoCapture.Shared\VideoCapture.Shared.vcxitems", "{180DC8DA-322C-484F-AABC-59FC89FEE848}"
EndProject
Project("{8BC9CEB8-8B4A-11D0-8D11-00A0C91BC942}") = "VideoCapture.Windows", "VideoCapture\VideoCapture.Windows\VideoCapture.Windows.vcxproj", "{7129CD05-4CBD-40D2-A454-3568C0058A58}"
EndProject
Project("{8BC9CEB8-8B4A-11D0-8D11-00A0C91BC942}") = "VideoCapture.WindowsPhone", "VideoCapture\VideoCapture.WindowsPhone\VideoCapture.WindowsPhone.vcxproj", "{A067307F-714D-453B-9DC9-2A0A7144DD72}"
EndProject
Project("{2150E333-8FDC-42A3-9474-1A3956D46DE8}") = "OpenCV", "OpenCV", "{92C8F99D-1A83-4914-BA08-FBAC73CAC89E}"
EndProject
Project("{2150E333-8FDC-42A3-9474-1A3956D46DE8}") = "Windows", "Windows", "{1123F547-9FFF-4B4D-B81E-DCF635E9FB21}"
EndProject
Project("{2150E333-8FDC-42A3-9474-1A3956D46DE8}") = "Windows Phone", "Windows Phone", "{D5F222AA-A75D-4A28-B425-5FFAD580A1C7}"
EndProject
Project("{8BC9CEB8-8B4A-11D0-8D11-00A0C91BC942}") = "opencv_core", "..\..\..\bin\WS\8.1\x86\modules\core\opencv_core.vcxproj", "{F31DDB4F-8F8D-4D6C-B95C-4DEA83E7F4B1}"
EndProject
Project("{8BC9CEB8-8B4A-11D0-8D11-00A0C91BC942}") = "opencv_imgproc", "..\..\..\bin\WS\8.1\x86\modules\imgproc\opencv_imgproc.vcxproj", "{352BB37D-E761-46DB-A02C-4BD1C34186E6}"
EndProject
Project("{8BC9CEB8-8B4A-11D0-8D11-00A0C91BC942}") = "zlib", "..\..\..\bin\WS\8.1\x86\3rdparty\zlib\zlib.vcxproj", "{BEFF99E0-89F7-47B5-B506-28894CE49947}"
EndProject
Project("{8BC9CEB8-8B4A-11D0-8D11-00A0C91BC942}") = "opencv_core", "..\..\..\bin\WP\8.1\x86\modules\core\opencv_core.vcxproj", "{BA939AB7-9A93-4B18-B9DA-242A91A7183C}"
EndProject
Project("{8BC9CEB8-8B4A-11D0-8D11-00A0C91BC942}") = "opencv_imgproc", "..\..\..\bin\WP\8.1\x86\modules\imgproc\opencv_imgproc.vcxproj", "{9F2063BA-7912-41BE-9FBF-8429E6C7CCD0}"
EndProject
Project("{8BC9CEB8-8B4A-11D0-8D11-00A0C91BC942}") = "zlib", "..\..\..\bin\WP\8.1\x86\3rdparty\zlib\zlib.vcxproj", "{86740376-E051-4F19-A5B3-09153EACD16A}"
EndProject
Global
	GlobalSection(SharedMSBuildProjectFiles) = preSolution
		VideoCapture\VideoCapture.Shared\VideoCapture.Shared.vcxitems*{a067307f-714d-453b-9dc9-2a0a7144dd72}*SharedItemsImports = 4
		VideoCapture\VideoCapture.Shared\VideoCapture.Shared.vcxitems*{7129cd05-4cbd-40d2-a454-3568c0058a58}*SharedItemsImports = 4
		VideoCapture\VideoCapture.Shared\VideoCapture.Shared.vcxitems*{180dc8da-322c-484f-aabc-59fc89fee848}*SharedItemsImports = 9
	EndGlobalSection
	GlobalSection(SolutionConfigurationPlatforms) = preSolution
		Debug|ARM = Debug|ARM
		Debug|Win32 = Debug|Win32
		Debug|x64 = Debug|x64
		Release|ARM = Release|ARM
		Release|Win32 = Release|Win32
		Release|x64 = Release|x64
	EndGlobalSection
	GlobalSection(ProjectConfigurationPlatforms) = postSolution
		{7129CD05-4CBD-40D2-A454-3568C0058A58}.Debug|ARM.ActiveCfg = Debug|ARM
		{7129CD05-4CBD-40D2-A454-3568C0058A58}.Debug|ARM.Build.0 = Debug|ARM
		{7129CD05-4CBD-40D2-A454-3568C0058A58}.Debug|ARM.Deploy.0 = Debug|ARM
		{7129CD05-4CBD-40D2-A454-3568C0058A58}.Debug|Win32.ActiveCfg = Debug|Win32
		{7129CD05-4CBD-40D2-A454-3568C0058A58}.Debug|Win32.Build.0 = Debug|Win32
		{7129CD05-4CBD-40D2-A454-3568C0058A58}.Debug|Win32.Deploy.0 = Debug|Win32
		{7129CD05-4CBD-40D2-A454-3568C0058A58}.Debug|x64.ActiveCfg = Debug|x64
		{7129CD05-4CBD-40D2-A454-3568C0058A58}.Debug|x64.Build.0 = Debug|x64
		{7129CD05-4CBD-40D2-A454-3568C0058A58}.Debug|x64.Deploy.0 = Debug|x64
		{7129CD05-4CBD-40D2-A454-3568C0058A58}.Release|ARM.ActiveCfg = Release|ARM
		{7129CD05-4CBD-40D2-A454-3568C0058A58}.Release|ARM.Build.0 = Release|ARM
		{7129CD05-4CBD-40D2-A454-3568C0058A58}.Release|ARM.Deploy.0 = Release|ARM
		{7129CD05-4CBD-40D2-A454-3568C0058A58}.Release|Win32.ActiveCfg = Release|Win32
		{7129CD05-4CBD-40D2-A454-3568C0058A58}.Release|Win32.Build.0 = Release|Win32
		{7129CD05-4CBD-40D2-A454-3568C0058A58}.Release|Win32.Deploy.0 = Release|Win32
		{7129CD05-4CBD-40D2-A454-3568C0058A58}.Release|x64.ActiveCfg = Release|x64
		{7129CD05-4CBD-40D2-A454-3568C0058A58}.Release|x64.Build.0 = Release|x64
		{7129CD05-4CBD-40D2-A454-3568C0058A58}.Release|x64.Deploy.0 = Release|x64
		{A067307F-714D-453B-9DC9-2A0A7144DD72}.Debug|ARM.ActiveCfg = Debug|ARM
		{A067307F-714D-453B-9DC9-2A0A7144DD72}.Debug|ARM.Build.0 = Debug|ARM
		{A067307F-714D-453B-9DC9-2A0A7144DD72}.Debug|ARM.Deploy.0 = Debug|ARM
		{A067307F-714D-453B-9DC9-2A0A7144DD72}.Debug|Win32.ActiveCfg = Debug|Win32
		{A067307F-714D-453B-9DC9-2A0A7144DD72}.Debug|Win32.Build.0 = Debug|Win32
		{A067307F-714D-453B-9DC9-2A0A7144DD72}.Debug|Win32.Deploy.0 = Debug|Win32
		{A067307F-714D-453B-9DC9-2A0A7144DD72}.Debug|x64.ActiveCfg = Debug|Win32
		{A067307F-714D-453B-9DC9-2A0A7144DD72}.Release|ARM.ActiveCfg = Release|ARM
		{A067307F-714D-453B-9DC9-2A0A7144DD72}.Release|ARM.Build.0 = Release|ARM
		{A067307F-714D-453B-9DC9-2A0A7144DD72}.Release|ARM.Deploy.0 = Release|ARM
		{A067307F-714D-453B-9DC9-2A0A7144DD72}.Release|Win32.ActiveCfg = Release|Win32
		{A067307F-714D-453B-9DC9-2A0A7144DD72}.Release|Win32.Build.0 = Release|Win32
		{A067307F-714D-453B-9DC9-2A0A7144DD72}.Release|Win32.Deploy.0 = Release|Win32
		{A067307F-714D-453B-9DC9-2A0A7144DD72}.Release|x64.ActiveCfg = Release|Win32
		{F31DDB4F-8F8D-4D6C-B95C-4DEA83E7F4B1}.Debug|ARM.ActiveCfg = Debug|Win32
		{F31DDB4F-8F8D-4D6C-B95C-4DEA83E7F4B1}.Debug|Win32.ActiveCfg = Debug|Win32
		{F31DDB4F-8F8D-4D6C-B95C-4DEA83E7F4B1}.Debug|Win32.Build.0 = Debug|Win32
		{F31DDB4F-8F8D-4D6C-B95C-4DEA83E7F4B1}.Debug|x64.ActiveCfg = Debug|Win32
		{F31DDB4F-8F8D-4D6C-B95C-4DEA83E7F4B1}.Release|ARM.ActiveCfg = Release|Win32
		{F31DDB4F-8F8D-4D6C-B95C-4DEA83E7F4B1}.Release|Win32.ActiveCfg = Release|Win32
		{F31DDB4F-8F8D-4D6C-B95C-4DEA83E7F4B1}.Release|Win32.Build.0 = Release|Win32
		{F31DDB4F-8F8D-4D6C-B95C-4DEA83E7F4B1}.Release|x64.ActiveCfg = Release|Win32
		{352BB37D-E761-46DB-A02C-4BD1C34186E6}.Debug|ARM.ActiveCfg = Debug|Win32
		{352BB37D-E761-46DB-A02C-4BD1C34186E6}.Debug|Win32.ActiveCfg = Debug|Win32
		{352BB37D-E761-46DB-A02C-4BD1C34186E6}.Debug|Win32.Build.0 = Debug|Win32
		{352BB37D-E761-46DB-A02C-4BD1C34186E6}.Debug|x64.ActiveCfg = Debug|Win32
		{352BB37D-E761-46DB-A02C-4BD1C34186E6}.Release|ARM.ActiveCfg = Release|Win32
		{352BB37D-E761-46DB-A02C-4BD1C34186E6}.Release|Win32.ActiveCfg = Release|Win32
		{352BB37D-E761-46DB-A02C-4BD1C34186E6}.Release|Win32.Build.0 = Release|Win32
		{352BB37D-E761-46DB-A02C-4BD1C34186E6}.Release|x64.ActiveCfg = Release|Win32
		{BEFF99E0-89F7-47B5-B506-28894CE49947}.Debug|ARM.ActiveCfg = Debug|Win32
		{BEFF99E0-89F7-47B5-B506-28894CE49947}.Debug|Win32.ActiveCfg = Debug|Win32
		{BEFF99E0-89F7-47B5-B506-28894CE49947}.Debug|Win32.Build.0 = Debug|Win32
		{BEFF99E0-89F7-47B5-B506-28894CE49947}.Debug|x64.ActiveCfg = Debug|Win32
		{BEFF99E0-89F7-47B5-B506-28894CE49947}.Release|ARM.ActiveCfg = Release|Win32
		{BEFF99E0-89F7-47B5-B506-28894CE49947}.Release|Win32.ActiveCfg = Release|Win32
		{BEFF99E0-89F7-47B5-B506-28894CE49947}.Release|Win32.Build.0 = Release|Win32
		{BEFF99E0-89F7-47B5-B506-28894CE49947}.Release|x64.ActiveCfg = Release|Win32
		{BA939AB7-9A93-4B18-B9DA-242A91A7183C}.Debug|ARM.ActiveCfg = Debug|Win32
		{BA939AB7-9A93-4B18-B9DA-242A91A7183C}.Debug|Win32.ActiveCfg = Debug|Win32
		{BA939AB7-9A93-4B18-B9DA-242A91A7183C}.Debug|Win32.Build.0 = Debug|Win32
		{BA939AB7-9A93-4B18-B9DA-242A91A7183C}.Debug|x64.ActiveCfg = Debug|Win32
		{BA939AB7-9A93-4B18-B9DA-242A91A7183C}.Release|ARM.ActiveCfg = Release|Win32
		{BA939AB7-9A93-4B18-B9DA-242A91A7183C}.Release|Win32.ActiveCfg = Release|Win32
		{BA939AB7-9A93-4B18-B9DA-242A91A7183C}.Release|Win32.Build.0 = Release|Win32
		{BA939AB7-9A93-4B18-B9DA-242A91A7183C}.Release|x64.ActiveCfg = Release|Win32
		{9F2063BA-7912-41BE-9FBF-8429E6C7CCD0}.Debug|ARM.ActiveCfg = Debug|Win32
		{9F2063BA-7912-41BE-9FBF-8429E6C7CCD0}.Debug|Win32.ActiveCfg = Debug|Win32
		{9F2063BA-7912-41BE-9FBF-8429E6C7CCD0}.Debug|Win32.Build.0 = Debug|Win32
		{9F2063BA-7912-41BE-9FBF-8429E6C7CCD0}.Debug|x64.ActiveCfg = Debug|Win32
		{9F2063BA-7912-41BE-9FBF-8429E6C7CCD0}.Release|ARM.ActiveCfg = Release|Win32
		{9F2063BA-7912-41BE-9FBF-8429E6C7CCD0}.Release|Win32.ActiveCfg = Release|Win32
		{9F2063BA-7912-41BE-9FBF-8429E6C7CCD0}.Release|Win32.Build.0 = Release|Win32
		{9F2063BA-7912-41BE-9FBF-8429E6C7CCD0}.Release|x64.ActiveCfg = Release|Win32
		{86740376-E051-4F19-A5B3-09153EACD16A}.Debug|ARM.ActiveCfg = Debug|Win32
		{86740376-E051-4F19-A5B3-09153EACD16A}.Debug|Win32.ActiveCfg = Debug|Win32
		{86740376-E051-4F19-A5B3-09153EACD16A}.Debug|Win32.Build.0 = Debug|Win32
		{86740376-E051-4F19-A5B3-09153EACD16A}.Debug|x64.ActiveCfg = Debug|Win32
		{86740376-E051-4F19-A5B3-09153EACD16A}.Release|ARM.ActiveCfg = Release|Win32
		{86740376-E051-4F19-A5B3-09153EACD16A}.Release|Win32.ActiveCfg = Release|Win32
		{86740376-E051-4F19-A5B3-09153EACD16A}.Release|Win32.Build.0 = Release|Win32
		{86740376-E051-4F19-A5B3-09153EACD16A}.Release|x64.ActiveCfg = Release|Win32
	EndGlobalSection
	GlobalSection(SolutionProperties) = preSolution
		HideSolutionNode = FALSE
	EndGlobalSection
	GlobalSection(NestedProjects) = preSolution
		{180DC8DA-322C-484F-AABC-59FC89FEE848} = {64ADE4A6-C3FF-45EE-92C2-62D6E85FF64A}
		{7129CD05-4CBD-40D2-A454-3568C0058A58} = {64ADE4A6-C3FF-45EE-92C2-62D6E85FF64A}
		{A067307F-714D-453B-9DC9-2A0A7144DD72} = {64ADE4A6-C3FF-45EE-92C2-62D6E85FF64A}
		{1123F547-9FFF-4B4D-B81E-DCF635E9FB21} = {92C8F99D-1A83-4914-BA08-FBAC73CAC89E}
		{D5F222AA-A75D-4A28-B425-5FFAD580A1C7} = {92C8F99D-1A83-4914-BA08-FBAC73CAC89E}
		{F31DDB4F-8F8D-4D6C-B95C-4DEA83E7F4B1} = {1123F547-9FFF-4B4D-B81E-DCF635E9FB21}
		{352BB37D-E761-46DB-A02C-4BD1C34186E6} = {1123F547-9FFF-4B4D-B81E-DCF635E9FB21}
		{BEFF99E0-89F7-47B5-B506-28894CE49947} = {1123F547-9FFF-4B4D-B81E-DCF635E9FB21}
		{BA939AB7-9A93-4B18-B9DA-242A91A7183C} = {D5F222AA-A75D-4A28-B425-5FFAD580A1C7}
		{9F2063BA-7912-41BE-9FBF-8429E6C7CCD0} = {D5F222AA-A75D-4A28-B425-5FFAD580A1C7}
		{86740376-E051-4F19-A5B3-09153EACD16A} = {D5F222AA-A75D-4A28-B425-5FFAD580A1C7}
	EndGlobalSection
EndGlobal
