Microsoft Visual Studio Solution File, Format Version 12.00
# Visual Studio 2013
Project("{8BC9CEB8-8B4A-11D0-8D11-00A0C91BC942}") = "ALL_BUILD", "ALL_BUILD.vcxproj", "{A8721AA2-C5EA-4FF1-A2FE-D490AF7723D3}"
	ProjectSection(ProjectDependencies) = postProject
		{A4423196-6A48-4116-B53C-22601D76BFF6} = {A4423196-6A48-4116-B53C-22601D76BFF6}
	EndProjectSection
EndProject
Project("{8BC9CEB8-8B4A-11D0-8D11-00A0C91BC942}") = "INSTALL", "INSTALL.vcxproj", "{4D0E7E17-EC72-4898-A4BC-6A5C43CF798D}"
	ProjectSection(ProjectDependencies) = postProject
		{A8721AA2-C5EA-4FF1-A2FE-D490AF7723D3} = {A8721AA2-C5EA-4FF1-A2FE-D490AF7723D3}
	EndProjectSection
EndProject
Project("{8BC9CEB8-8B4A-11D0-8D11-00A0C91BC942}") = "PACKAGE", "PACKAGE.vcxproj", "{83BFE99B-7F0A-4882-BB31-C1836823CA28}"
	ProjectSection(ProjectDependencies) = postProject
		{A8721AA2-C5EA-4FF1-A2FE-D490AF7723D3} = {A8721AA2-C5EA-4FF1-A2FE-D490AF7723D3}
	EndProjectSection
EndProject
Project("{8BC9CEB8-8B4A-11D0-8D11-00A0C91BC942}") = "ZERO_CHECK", "..\..\ZERO_CHECK.vcxproj", "{D43B42D1-8EE8-40C8-8E95-B8C07C19CE0E}"
	ProjectSection(ProjectDependencies) = postProject
	EndProjectSection
EndProject
Project("{8BC9CEB8-8B4A-11D0-8D11-00A0C91BC942}") = "opencv_calib3d", "..\calib3d\opencv_calib3d.vcxproj", "{3ADD42FF-0404-426C-BB7C-40FE0AC5BA16}"
	ProjectSection(ProjectDependencies) = postProject
		{D43B42D1-8EE8-40C8-8E95-B8C07C19CE0E} = {D43B42D1-8EE8-40C8-8E95-B8C07C19CE0E}
		{400AF456-D2AE-4A9C-820F-CE2A09F60AE9} = {400AF456-D2AE-4A9C-820F-CE2A09F60AE9}
		{A130F553-1CC7-4C24-ACE9-390E39DF7EF5} = {A130F553-1CC7-4C24-ACE9-390E39DF7EF5}
		{4E136024-D8B7-4378-9D16-F1B94C905CB4} = {4E136024-D8B7-4378-9D16-F1B94C905CB4}
		{3DA609BA-E1DC-4101-AE86-DA3078324C7B} = {3DA609BA-E1DC-4101-AE86-DA3078324C7B}
	EndProjectSection
EndProject
Project("{8BC9CEB8-8B4A-11D0-8D11-00A0C91BC942}") = "opencv_core", "..\core\opencv_core.vcxproj", "{400AF456-D2AE-4A9C-820F-CE2A09F60AE9}"
	ProjectSection(ProjectDependencies) = postProject
		{D43B42D1-8EE8-40C8-8E95-B8C07C19CE0E} = {D43B42D1-8EE8-40C8-8E95-B8C07C19CE0E}
		{BEE8FCC8-FB6E-41CD-94BD-67870862EC65} = {BEE8FCC8-FB6E-41CD-94BD-67870862EC65}
	EndProjectSection
EndProject
Project("{8BC9CEB8-8B4A-11D0-8D11-00A0C91BC942}") = "opencv_features2d", "..\features2d\opencv_features2d.vcxproj", "{A130F553-1CC7-4C24-ACE9-390E39DF7EF5}"
	ProjectSection(ProjectDependencies) = postProject
		{D43B42D1-8EE8-40C8-8E95-B8C07C19CE0E} = {D43B42D1-8EE8-40C8-8E95-B8C07C19CE0E}
		{400AF456-D2AE-4A9C-820F-CE2A09F60AE9} = {400AF456-D2AE-4A9C-820F-CE2A09F60AE9}
		{4E136024-D8B7-4378-9D16-F1B94C905CB4} = {4E136024-D8B7-4378-9D16-F1B94C905CB4}
		{3DA609BA-E1DC-4101-AE86-DA3078324C7B} = {3DA609BA-E1DC-4101-AE86-DA3078324C7B}
	EndProjectSection
EndProject
Project("{8BC9CEB8-8B4A-11D0-8D11-00A0C91BC942}") = "opencv_flann", "..\flann\opencv_flann.vcxproj", "{4E136024-D8B7-4378-9D16-F1B94C905CB4}"
	ProjectSection(ProjectDependencies) = postProject
		{D43B42D1-8EE8-40C8-8E95-B8C07C19CE0E} = {D43B42D1-8EE8-40C8-8E95-B8C07C19CE0E}
		{400AF456-D2AE-4A9C-820F-CE2A09F60AE9} = {400AF456-D2AE-4A9C-820F-CE2A09F60AE9}
	EndProjectSection
EndProject
Project("{8BC9CEB8-8B4A-11D0-8D11-00A0C91BC942}") = "opencv_imgproc", "..\imgproc\opencv_imgproc.vcxproj", "{3DA609BA-E1DC-4101-AE86-DA3078324C7B}"
	ProjectSection(ProjectDependencies) = postProject
		{D43B42D1-8EE8-40C8-8E95-B8C07C19CE0E} = {D43B42D1-8EE8-40C8-8E95-B8C07C19CE0E}
		{400AF456-D2AE-4A9C-820F-CE2A09F60AE9} = {400AF456-D2AE-4A9C-820F-CE2A09F60AE9}
	EndProjectSection
EndProject
Project("{8BC9CEB8-8B4A-11D0-8D11-00A0C91BC942}") = "opencv_ml", "..\ml\opencv_ml.vcxproj", "{A5043E1E-C897-4AA1-ABD4-45D036E5D19E}"
	ProjectSection(ProjectDependencies) = postProject
		{D43B42D1-8EE8-40C8-8E95-B8C07C19CE0E} = {D43B42D1-8EE8-40C8-8E95-B8C07C19CE0E}
		{400AF456-D2AE-4A9C-820F-CE2A09F60AE9} = {400AF456-D2AE-4A9C-820F-CE2A09F60AE9}
	EndProjectSection
EndProject
Project("{8BC9CEB8-8B4A-11D0-8D11-00A0C91BC942}") = "opencv_objdetect", "..\objdetect\opencv_objdetect.vcxproj", "{B565F477-34DB-454D-A823-D40B5DC7C90C}"
	ProjectSection(ProjectDependencies) = postProject
		{D43B42D1-8EE8-40C8-8E95-B8C07C19CE0E} = {D43B42D1-8EE8-40C8-8E95-B8C07C19CE0E}
		{400AF456-D2AE-4A9C-820F-CE2A09F60AE9} = {400AF456-D2AE-4A9C-820F-CE2A09F60AE9}
		{3DA609BA-E1DC-4101-AE86-DA3078324C7B} = {3DA609BA-E1DC-4101-AE86-DA3078324C7B}
		{A5043E1E-C897-4AA1-ABD4-45D036E5D19E} = {A5043E1E-C897-4AA1-ABD4-45D036E5D19E}
	EndProjectSection
EndProject
Project("{8BC9CEB8-8B4A-11D0-8D11-00A0C91BC942}") = "opencv_stitching", "opencv_stitching.vcxproj", "{A4423196-6A48-4116-B53C-22601D76BFF6}"
	ProjectSection(ProjectDependencies) = postProject
		{D43B42D1-8EE8-40C8-8E95-B8C07C19CE0E} = {D43B42D1-8EE8-40C8-8E95-B8C07C19CE0E}
		{3ADD42FF-0404-426C-BB7C-40FE0AC5BA16} = {3ADD42FF-0404-426C-BB7C-40FE0AC5BA16}
		{400AF456-D2AE-4A9C-820F-CE2A09F60AE9} = {400AF456-D2AE-4A9C-820F-CE2A09F60AE9}
		{A130F553-1CC7-4C24-ACE9-390E39DF7EF5} = {A130F553-1CC7-4C24-ACE9-390E39DF7EF5}
		{4E136024-D8B7-4378-9D16-F1B94C905CB4} = {4E136024-D8B7-4378-9D16-F1B94C905CB4}
		{3DA609BA-E1DC-4101-AE86-DA3078324C7B} = {3DA609BA-E1DC-4101-AE86-DA3078324C7B}
		{A5043E1E-C897-4AA1-ABD4-45D036E5D19E} = {A5043E1E-C897-4AA1-ABD4-45D036E5D19E}
		{B565F477-34DB-454D-A823-D40B5DC7C90C} = {B565F477-34DB-454D-A823-D40B5DC7C90C}
	EndProjectSection
EndProject
Project("{8BC9CEB8-8B4A-11D0-8D11-00A0C91BC942}") = "zlib", "..\..\3rdparty\zlib\zlib.vcxproj", "{BEE8FCC8-FB6E-41CD-94BD-67870862EC65}"
	ProjectSection(ProjectDependencies) = postProject
		{D43B42D1-8EE8-40C8-8E95-B8C07C19CE0E} = {D43B42D1-8EE8-40C8-8E95-B8C07C19CE0E}
	EndProjectSection
EndProject
Project("{2150E333-8FDC-42A3-9474-1A3956D46DE8}") = "3rdparty", "3rdparty", "{916B237F-2362-4A8C-BEBC-3DCF39D17D77}"
EndProject
Project("{2150E333-8FDC-42A3-9474-1A3956D46DE8}") = "CMakeTargets", "CMakeTargets", "{FEE2EA73-4534-4152-8475-7DE4705BACF3}"
EndProject
Project("{2150E333-8FDC-42A3-9474-1A3956D46DE8}") = "modules", "modules", "{FEB1170E-452B-45C2-9A95-55F1ADF8694F}"
EndProject
Global
	GlobalSection(SolutionConfigurationPlatforms) = preSolution
		Debug|Win32 = Debug|Win32
		Release|Win32 = Release|Win32
	EndGlobalSection
	GlobalSection(ProjectConfigurationPlatforms) = postSolution
		{A8721AA2-C5EA-4FF1-A2FE-D490AF7723D3}.Debug|Win32.ActiveCfg = Debug|Win32
		{A8721AA2-C5EA-4FF1-A2FE-D490AF7723D3}.Debug|Win32.Build.0 = Debug|Win32
		{A8721AA2-C5EA-4FF1-A2FE-D490AF7723D3}.Release|Win32.ActiveCfg = Release|Win32
		{A8721AA2-C5EA-4FF1-A2FE-D490AF7723D3}.Release|Win32.Build.0 = Release|Win32
		{4D0E7E17-EC72-4898-A4BC-6A5C43CF798D}.Debug|Win32.ActiveCfg = Debug|Win32
		{4D0E7E17-EC72-4898-A4BC-6A5C43CF798D}.Release|Win32.ActiveCfg = Release|Win32
		{83BFE99B-7F0A-4882-BB31-C1836823CA28}.Debug|Win32.ActiveCfg = Debug|Win32
		{83BFE99B-7F0A-4882-BB31-C1836823CA28}.Release|Win32.ActiveCfg = Release|Win32
		{D43B42D1-8EE8-40C8-8E95-B8C07C19CE0E}.Debug|Win32.ActiveCfg = Debug|Win32
		{D43B42D1-8EE8-40C8-8E95-B8C07C19CE0E}.Debug|Win32.Build.0 = Debug|Win32
		{D43B42D1-8EE8-40C8-8E95-B8C07C19CE0E}.Release|Win32.ActiveCfg = Release|Win32
		{D43B42D1-8EE8-40C8-8E95-B8C07C19CE0E}.Release|Win32.Build.0 = Release|Win32
		{3ADD42FF-0404-426C-BB7C-40FE0AC5BA16}.Debug|Win32.ActiveCfg = Debug|Win32
		{3ADD42FF-0404-426C-BB7C-40FE0AC5BA16}.Debug|Win32.Build.0 = Debug|Win32
		{3ADD42FF-0404-426C-BB7C-40FE0AC5BA16}.Debug|Win32.Deploy.0 = Debug|Win32
		{3ADD42FF-0404-426C-BB7C-40FE0AC5BA16}.Release|Win32.ActiveCfg = Release|Win32
		{3ADD42FF-0404-426C-BB7C-40FE0AC5BA16}.Release|Win32.Build.0 = Release|Win32
		{3ADD42FF-0404-426C-BB7C-40FE0AC5BA16}.Release|Win32.Deploy.0 = Release|Win32
		{400AF456-D2AE-4A9C-820F-CE2A09F60AE9}.Debug|Win32.ActiveCfg = Debug|Win32
		{400AF456-D2AE-4A9C-820F-CE2A09F60AE9}.Debug|Win32.Build.0 = Debug|Win32
		{400AF456-D2AE-4A9C-820F-CE2A09F60AE9}.Debug|Win32.Deploy.0 = Debug|Win32
		{400AF456-D2AE-4A9C-820F-CE2A09F60AE9}.Release|Win32.ActiveCfg = Release|Win32
		{400AF456-D2AE-4A9C-820F-CE2A09F60AE9}.Release|Win32.Build.0 = Release|Win32
		{400AF456-D2AE-4A9C-820F-CE2A09F60AE9}.Release|Win32.Deploy.0 = Release|Win32
		{A130F553-1CC7-4C24-ACE9-390E39DF7EF5}.Debug|Win32.ActiveCfg = Debug|Win32
		{A130F553-1CC7-4C24-ACE9-390E39DF7EF5}.Debug|Win32.Build.0 = Debug|Win32
		{A130F553-1CC7-4C24-ACE9-390E39DF7EF5}.Debug|Win32.Deploy.0 = Debug|Win32
		{A130F553-1CC7-4C24-ACE9-390E39DF7EF5}.Release|Win32.ActiveCfg = Release|Win32
		{A130F553-1CC7-4C24-ACE9-390E39DF7EF5}.Release|Win32.Build.0 = Release|Win32
		{A130F553-1CC7-4C24-ACE9-390E39DF7EF5}.Release|Win32.Deploy.0 = Release|Win32
		{4E136024-D8B7-4378-9D16-F1B94C905CB4}.Debug|Win32.ActiveCfg = Debug|Win32
		{4E136024-D8B7-4378-9D16-F1B94C905CB4}.Debug|Win32.Build.0 = Debug|Win32
		{4E136024-D8B7-4378-9D16-F1B94C905CB4}.Debug|Win32.Deploy.0 = Debug|Win32
		{4E136024-D8B7-4378-9D16-F1B94C905CB4}.Release|Win32.ActiveCfg = Release|Win32
		{4E136024-D8B7-4378-9D16-F1B94C905CB4}.Release|Win32.Build.0 = Release|Win32
		{4E136024-D8B7-4378-9D16-F1B94C905CB4}.Release|Win32.Deploy.0 = Release|Win32
		{3DA609BA-E1DC-4101-AE86-DA3078324C7B}.Debug|Win32.ActiveCfg = Debug|Win32
		{3DA609BA-E1DC-4101-AE86-DA3078324C7B}.Debug|Win32.Build.0 = Debug|Win32
		{3DA609BA-E1DC-4101-AE86-DA3078324C7B}.Debug|Win32.Deploy.0 = Debug|Win32
		{3DA609BA-E1DC-4101-AE86-DA3078324C7B}.Release|Win32.ActiveCfg = Release|Win32
		{3DA609BA-E1DC-4101-AE86-DA3078324C7B}.Release|Win32.Build.0 = Release|Win32
		{3DA609BA-E1DC-4101-AE86-DA3078324C7B}.Release|Win32.Deploy.0 = Release|Win32
		{A5043E1E-C897-4AA1-ABD4-45D036E5D19E}.Debug|Win32.ActiveCfg = Debug|Win32
		{A5043E1E-C897-4AA1-ABD4-45D036E5D19E}.Debug|Win32.Build.0 = Debug|Win32
		{A5043E1E-C897-4AA1-ABD4-45D036E5D19E}.Debug|Win32.Deploy.0 = Debug|Win32
		{A5043E1E-C897-4AA1-ABD4-45D036E5D19E}.Release|Win32.ActiveCfg = Release|Win32
		{A5043E1E-C897-4AA1-ABD4-45D036E5D19E}.Release|Win32.Build.0 = Release|Win32
		{A5043E1E-C897-4AA1-ABD4-45D036E5D19E}.Release|Win32.Deploy.0 = Release|Win32
		{B565F477-34DB-454D-A823-D40B5DC7C90C}.Debug|Win32.ActiveCfg = Debug|Win32
		{B565F477-34DB-454D-A823-D40B5DC7C90C}.Debug|Win32.Build.0 = Debug|Win32
		{B565F477-34DB-454D-A823-D40B5DC7C90C}.Debug|Win32.Deploy.0 = Debug|Win32
		{B565F477-34DB-454D-A823-D40B5DC7C90C}.Release|Win32.ActiveCfg = Release|Win32
		{B565F477-34DB-454D-A823-D40B5DC7C90C}.Release|Win32.Build.0 = Release|Win32
		{B565F477-34DB-454D-A823-D40B5DC7C90C}.Release|Win32.Deploy.0 = Release|Win32
		{A4423196-6A48-4116-B53C-22601D76BFF6}.Debug|Win32.ActiveCfg = Debug|Win32
		{A4423196-6A48-4116-B53C-22601D76BFF6}.Debug|Win32.Build.0 = Debug|Win32
		{A4423196-6A48-4116-B53C-22601D76BFF6}.Debug|Win32.Deploy.0 = Debug|Win32
		{A4423196-6A48-4116-B53C-22601D76BFF6}.Release|Win32.ActiveCfg = Release|Win32
		{A4423196-6A48-4116-B53C-22601D76BFF6}.Release|Win32.Build.0 = Release|Win32
		{A4423196-6A48-4116-B53C-22601D76BFF6}.Release|Win32.Deploy.0 = Release|Win32
		{BEE8FCC8-FB6E-41CD-94BD-67870862EC65}.Debug|Win32.ActiveCfg = Debug|Win32
		{BEE8FCC8-FB6E-41CD-94BD-67870862EC65}.Debug|Win32.Build.0 = Debug|Win32
		{BEE8FCC8-FB6E-41CD-94BD-67870862EC65}.Release|Win32.ActiveCfg = Release|Win32
		{BEE8FCC8-FB6E-41CD-94BD-67870862EC65}.Release|Win32.Build.0 = Release|Win32
	EndGlobalSection
	GlobalSection(NestedProjects) = preSolution
		{BEE8FCC8-FB6E-41CD-94BD-67870862EC65} = {916B237F-2362-4A8C-BEBC-3DCF39D17D77}
		{4D0E7E17-EC72-4898-A4BC-6A5C43CF798D} = {FEE2EA73-4534-4152-8475-7DE4705BACF3}
		{83BFE99B-7F0A-4882-BB31-C1836823CA28} = {FEE2EA73-4534-4152-8475-7DE4705BACF3}
		{D43B42D1-8EE8-40C8-8E95-B8C07C19CE0E} = {FEE2EA73-4534-4152-8475-7DE4705BACF3}
		{3ADD42FF-0404-426C-BB7C-40FE0AC5BA16} = {FEB1170E-452B-45C2-9A95-55F1ADF8694F}
		{400AF456-D2AE-4A9C-820F-CE2A09F60AE9} = {FEB1170E-452B-45C2-9A95-55F1ADF8694F}
		{A130F553-1CC7-4C24-ACE9-390E39DF7EF5} = {FEB1170E-452B-45C2-9A95-55F1ADF8694F}
		{4E136024-D8B7-4378-9D16-F1B94C905CB4} = {FEB1170E-452B-45C2-9A95-55F1ADF8694F}
		{3DA609BA-E1DC-4101-AE86-DA3078324C7B} = {FEB1170E-452B-45C2-9A95-55F1ADF8694F}
		{A5043E1E-C897-4AA1-ABD4-45D036E5D19E} = {FEB1170E-452B-45C2-9A95-55F1ADF8694F}
		{B565F477-34DB-454D-A823-D40B5DC7C90C} = {FEB1170E-452B-45C2-9A95-55F1ADF8694F}
		{A4423196-6A48-4116-B53C-22601D76BFF6} = {FEB1170E-452B-45C2-9A95-55F1ADF8694F}
	EndGlobalSection
	GlobalSection(ExtensibilityGlobals) = postSolution
	EndGlobalSection
	GlobalSection(ExtensibilityAddIns) = postSolution
	EndGlobalSection
EndGlobal
