<?xml version="1.0" encoding="Windows-1252"?>
<Project ToolsVersion="12.0" xmlns="http://schemas.microsoft.com/developer/msbuild/2003">
  <ItemGroup>
    <ClCompile Include="..\..\..\modules\shape\src\aff_trans.cpp">
      <Filter>Src</Filter>
    </ClCompile>
    <ClCompile Include="..\..\..\modules\shape\src\emdL1.cpp">
      <Filter>Src</Filter>
    </ClCompile>
    <ClCompile Include="..\..\..\modules\shape\src\haus_dis.cpp">
      <Filter>Src</Filter>
    </ClCompile>
    <ClCompile Include="..\..\..\modules\shape\src\hist_cost.cpp">
      <Filter>Src</Filter>
    </ClCompile>
    <ClCompile Include="..\..\..\modules\shape\src\precomp.cpp">
      <Filter>Src</Filter>
    </ClCompile>
    <ClCompile Include="..\..\..\modules\shape\src\sc_dis.cpp">
      <Filter>Src</Filter>
    </ClCompile>
    <ClCompile Include="..\..\..\modules\shape\src\tps_trans.cpp">
      <Filter>Src</Filter>
    </ClCompile>
    <ClCompile Include="opencv_shape_pch.cpp">
      <Filter>Source Files</Filter>
    </ClCompile>
  </ItemGroup>
  <ItemGroup>
    <ClInclude Include="..\..\..\modules\shape\include\opencv2\shape.hpp">
      <Filter>Include\opencv2</Filter>
    </ClInclude>
    <ClInclude Include="..\..\..\modules\shape\include\opencv2\shape\emdL1.hpp">
      <Filter>Include\opencv2\shape</Filter>
    </ClInclude>
    <ClInclude Include="..\..\..\modules\shape\include\opencv2\shape\hist_cost.hpp">
      <Filter>Include\opencv2\shape</Filter>
    </ClInclude>
    <ClInclude Include="..\..\..\modules\shape\include\opencv2\shape\shape.hpp">
      <Filter>Include\opencv2\shape</Filter>
    </ClInclude>
    <ClInclude Include="..\..\..\modules\shape\include\opencv2\shape\shape_distance.hpp">
      <Filter>Include\opencv2\shape</Filter>
    </ClInclude>
    <ClInclude Include="..\..\..\modules\shape\include\opencv2\shape\shape_transformer.hpp">
      <Filter>Include\opencv2\shape</Filter>
    </ClInclude>
    <ClInclude Include="..\..\..\modules\shape\src\emdL1_def.hpp">
      <Filter>Src</Filter>
    </ClInclude>
    <ClInclude Include="..\..\..\modules\shape\src\precomp.hpp">
      <Filter>Src</Filter>
    </ClInclude>
    <ClInclude Include="..\..\..\modules\shape\src\scd_def.hpp">
      <Filter>Src</Filter>
    </ClInclude>
    <ClInclude Include="..\..\cvconfig.h">
      <Filter>Header Files</Filter>
    </ClInclude>
    <ClInclude Include="..\..\opencv2\opencv_modules.hpp">
      <Filter>Header Files</Filter>
    </ClInclude>
  </ItemGroup>
  <ItemGroup>
    <CustomBuild Include="..\..\..\modules\shape\CMakeLists.txt" />
  </ItemGroup>
  <ItemGroup>
    <Filter Include="Include\opencv2\shape">
      <UniqueIdentifier>{7FDD98AE-195A-4BA9-9619-36A52700A445}</UniqueIdentifier>
    </Filter>
    <Filter Include="Include\opencv2">
      <UniqueIdentifier>{46F250A0-8E47-435B-AA6D-63BE37DC14CB}</UniqueIdentifier>
    </Filter>
    <Filter Include="Source Files">
      <UniqueIdentifier>{96577C88-345F-4825-9361-6A50B4D0BF5B}</UniqueIdentifier>
    </Filter>
    <Filter Include="Header Files">
      <UniqueIdentifier>{320CC2DE-DBEA-4C4A-8577-F38EAC518C7E}</UniqueIdentifier>
    </Filter>
    <Filter Include="Src">
      <UniqueIdentifier>{80677655-3788-4CF4-8CDF-EA5D995FD516}</UniqueIdentifier>
    </Filter>
    <Filter Include="Include">
      <UniqueIdentifier>{5F18663E-7087-4066-92AC-544566DB23D7}</UniqueIdentifier>
    </Filter>
  </ItemGroup>
</Project>
