Microsoft Visual Studio Solution File, Format Version 12.00
# Visual Studio 2013
Project("{8BC9CEB8-8B4A-11D0-8D11-00A0C91BC942}") = "ALL_BUILD", "ALL_BUILD.vcxproj", "{677840B1-ED96-45A2-A25F-604AD96034E5}"
	ProjectSection(ProjectDependencies) = postProject
		{6BCE304E-AD3B-449E-875F-244D5188807B} = {6BCE304E-AD3B-449E-875F-244D5188807B}
	EndProjectSection
EndProject
Project("{8BC9CEB8-8B4A-11D0-8D11-00A0C91BC942}") = "INSTALL", "INSTALL.vcxproj", "{32A8DE89-0DE8-4853-8C9F-73EDF09714FC}"
	ProjectSection(ProjectDependencies) = postProject
		{677840B1-ED96-45A2-A25F-604AD96034E5} = {677840B1-ED96-45A2-A25F-604AD96034E5}
	EndProjectSection
EndProject
Project("{8BC9CEB8-8B4A-11D0-8D11-00A0C91BC942}") = "PACKAGE", "PACKAGE.vcxproj", "{DFE8CAB2-B237-40E4-A137-CFB5C16FE3E6}"
	ProjectSection(ProjectDependencies) = postProject
		{677840B1-ED96-45A2-A25F-604AD96034E5} = {677840B1-ED96-45A2-A25F-604AD96034E5}
	EndProjectSection
EndProject
Project("{8BC9CEB8-8B4A-11D0-8D11-00A0C91BC942}") = "ZERO_CHECK", "..\..\ZERO_CHECK.vcxproj", "{B81ADAAD-8CDE-4DCE-A850-E03D271DD342}"
	ProjectSection(ProjectDependencies) = postProject
	EndProjectSection
EndProject
Project("{8BC9CEB8-8B4A-11D0-8D11-00A0C91BC942}") = "opencv_calib3d", "opencv_calib3d.vcxproj", "{6BCE304E-AD3B-449E-875F-244D5188807B}"
	ProjectSection(ProjectDependencies) = postProject
		{B81ADAAD-8CDE-4DCE-A850-E03D271DD342} = {B81ADAAD-8CDE-4DCE-A850-E03D271DD342}
		{85D58E67-0D20-40F0-847F-FCB1C4E4ED71} = {85D58E67-0D20-40F0-847F-FCB1C4E4ED71}
		{BD2F93F5-6C0B-4935-8721-7C124B9DB0A2} = {BD2F93F5-6C0B-4935-8721-7C124B9DB0A2}
		{3596FA86-D0CA-47CB-A17D-B4D9163441D1} = {3596FA86-D0CA-47CB-A17D-B4D9163441D1}
		{B840D6D4-8C6C-49FE-92AB-F553FAE48C0B} = {B840D6D4-8C6C-49FE-92AB-F553FAE48C0B}
	EndProjectSection
EndProject
Project("{8BC9CEB8-8B4A-11D0-8D11-00A0C91BC942}") = "opencv_core", "..\core\opencv_core.vcxproj", "{85D58E67-0D20-40F0-847F-FCB1C4E4ED71}"
	ProjectSection(ProjectDependencies) = postProject
		{B81ADAAD-8CDE-4DCE-A850-E03D271DD342} = {B81ADAAD-8CDE-4DCE-A850-E03D271DD342}
		{4E60BEEA-0CD8-4976-81B1-7EBB44D29181} = {4E60BEEA-0CD8-4976-81B1-7EBB44D29181}
	EndProjectSection
EndProject
Project("{8BC9CEB8-8B4A-11D0-8D11-00A0C91BC942}") = "opencv_features2d", "..\features2d\opencv_features2d.vcxproj", "{BD2F93F5-6C0B-4935-8721-7C124B9DB0A2}"
	ProjectSection(ProjectDependencies) = postProject
		{B81ADAAD-8CDE-4DCE-A850-E03D271DD342} = {B81ADAAD-8CDE-4DCE-A850-E03D271DD342}
		{85D58E67-0D20-40F0-847F-FCB1C4E4ED71} = {85D58E67-0D20-40F0-847F-FCB1C4E4ED71}
		{3596FA86-D0CA-47CB-A17D-B4D9163441D1} = {3596FA86-D0CA-47CB-A17D-B4D9163441D1}
		{B840D6D4-8C6C-49FE-92AB-F553FAE48C0B} = {B840D6D4-8C6C-49FE-92AB-F553FAE48C0B}
	EndProjectSection
EndProject
Project("{8BC9CEB8-8B4A-11D0-8D11-00A0C91BC942}") = "opencv_flann", "..\flann\opencv_flann.vcxproj", "{3596FA86-D0CA-47CB-A17D-B4D9163441D1}"
	ProjectSection(ProjectDependencies) = postProject
		{B81ADAAD-8CDE-4DCE-A850-E03D271DD342} = {B81ADAAD-8CDE-4DCE-A850-E03D271DD342}
		{85D58E67-0D20-40F0-847F-FCB1C4E4ED71} = {85D58E67-0D20-40F0-847F-FCB1C4E4ED71}
	EndProjectSection
EndProject
Project("{8BC9CEB8-8B4A-11D0-8D11-00A0C91BC942}") = "opencv_imgproc", "..\imgproc\opencv_imgproc.vcxproj", "{B840D6D4-8C6C-49FE-92AB-F553FAE48C0B}"
	ProjectSection(ProjectDependencies) = postProject
		{B81ADAAD-8CDE-4DCE-A850-E03D271DD342} = {B81ADAAD-8CDE-4DCE-A850-E03D271DD342}
		{85D58E67-0D20-40F0-847F-FCB1C4E4ED71} = {85D58E67-0D20-40F0-847F-FCB1C4E4ED71}
	EndProjectSection
EndProject
Project("{8BC9CEB8-8B4A-11D0-8D11-00A0C91BC942}") = "zlib", "..\..\3rdparty\zlib\zlib.vcxproj", "{4E60BEEA-0CD8-4976-81B1-7EBB44D29181}"
	ProjectSection(ProjectDependencies) = postProject
		{B81ADAAD-8CDE-4DCE-A850-E03D271DD342} = {B81ADAAD-8CDE-4DCE-A850-E03D271DD342}
	EndProjectSection
EndProject
Project("{2150E333-8FDC-42A3-9474-1A3956D46DE8}") = "3rdparty", "3rdparty", "{D0C7437C-358C-42B8-A99E-714F1AE73E5B}"
EndProject
Project("{2150E333-8FDC-42A3-9474-1A3956D46DE8}") = "CMakeTargets", "CMakeTargets", "{F6F4BED5-F512-449A-B76B-CDAA47B86500}"
EndProject
Project("{2150E333-8FDC-42A3-9474-1A3956D46DE8}") = "modules", "modules", "{8659B69A-897D-4E38-B8A1-5EE4A3C7BD99}"
EndProject
Global
	GlobalSection(SolutionConfigurationPlatforms) = preSolution
		Debug|Win32 = Debug|Win32
		Release|Win32 = Release|Win32
	EndGlobalSection
	GlobalSection(ProjectConfigurationPlatforms) = postSolution
		{677840B1-ED96-45A2-A25F-604AD96034E5}.Debug|Win32.ActiveCfg = Debug|Win32
		{677840B1-ED96-45A2-A25F-604AD96034E5}.Debug|Win32.Build.0 = Debug|Win32
		{677840B1-ED96-45A2-A25F-604AD96034E5}.Release|Win32.ActiveCfg = Release|Win32
		{677840B1-ED96-45A2-A25F-604AD96034E5}.Release|Win32.Build.0 = Release|Win32
		{32A8DE89-0DE8-4853-8C9F-73EDF09714FC}.Debug|Win32.ActiveCfg = Debug|Win32
		{32A8DE89-0DE8-4853-8C9F-73EDF09714FC}.Release|Win32.ActiveCfg = Release|Win32
		{DFE8CAB2-B237-40E4-A137-CFB5C16FE3E6}.Debug|Win32.ActiveCfg = Debug|Win32
		{DFE8CAB2-B237-40E4-A137-CFB5C16FE3E6}.Release|Win32.ActiveCfg = Release|Win32
		{B81ADAAD-8CDE-4DCE-A850-E03D271DD342}.Debug|Win32.ActiveCfg = Debug|Win32
		{B81ADAAD-8CDE-4DCE-A850-E03D271DD342}.Debug|Win32.Build.0 = Debug|Win32
		{B81ADAAD-8CDE-4DCE-A850-E03D271DD342}.Release|Win32.ActiveCfg = Release|Win32
		{B81ADAAD-8CDE-4DCE-A850-E03D271DD342}.Release|Win32.Build.0 = Release|Win32
		{6BCE304E-AD3B-449E-875F-244D5188807B}.Debug|Win32.ActiveCfg = Debug|Win32
		{6BCE304E-AD3B-449E-875F-244D5188807B}.Debug|Win32.Build.0 = Debug|Win32
		{6BCE304E-AD3B-449E-875F-244D5188807B}.Debug|Win32.Deploy.0 = Debug|Win32
		{6BCE304E-AD3B-449E-875F-244D5188807B}.Release|Win32.ActiveCfg = Release|Win32
		{6BCE304E-AD3B-449E-875F-244D5188807B}.Release|Win32.Build.0 = Release|Win32
		{6BCE304E-AD3B-449E-875F-244D5188807B}.Release|Win32.Deploy.0 = Release|Win32
		{85D58E67-0D20-40F0-847F-FCB1C4E4ED71}.Debug|Win32.ActiveCfg = Debug|Win32
		{85D58E67-0D20-40F0-847F-FCB1C4E4ED71}.Debug|Win32.Build.0 = Debug|Win32
		{85D58E67-0D20-40F0-847F-FCB1C4E4ED71}.Debug|Win32.Deploy.0 = Debug|Win32
		{85D58E67-0D20-40F0-847F-FCB1C4E4ED71}.Release|Win32.ActiveCfg = Release|Win32
		{85D58E67-0D20-40F0-847F-FCB1C4E4ED71}.Release|Win32.Build.0 = Release|Win32
		{85D58E67-0D20-40F0-847F-FCB1C4E4ED71}.Release|Win32.Deploy.0 = Release|Win32
		{BD2F93F5-6C0B-4935-8721-7C124B9DB0A2}.Debug|Win32.ActiveCfg = Debug|Win32
		{BD2F93F5-6C0B-4935-8721-7C124B9DB0A2}.Debug|Win32.Build.0 = Debug|Win32
		{BD2F93F5-6C0B-4935-8721-7C124B9DB0A2}.Debug|Win32.Deploy.0 = Debug|Win32
		{BD2F93F5-6C0B-4935-8721-7C124B9DB0A2}.Release|Win32.ActiveCfg = Release|Win32
		{BD2F93F5-6C0B-4935-8721-7C124B9DB0A2}.Release|Win32.Build.0 = Release|Win32
		{BD2F93F5-6C0B-4935-8721-7C124B9DB0A2}.Release|Win32.Deploy.0 = Release|Win32
		{3596FA86-D0CA-47CB-A17D-B4D9163441D1}.Debug|Win32.ActiveCfg = Debug|Win32
		{3596FA86-D0CA-47CB-A17D-B4D9163441D1}.Debug|Win32.Build.0 = Debug|Win32
		{3596FA86-D0CA-47CB-A17D-B4D9163441D1}.Debug|Win32.Deploy.0 = Debug|Win32
		{3596FA86-D0CA-47CB-A17D-B4D9163441D1}.Release|Win32.ActiveCfg = Release|Win32
		{3596FA86-D0CA-47CB-A17D-B4D9163441D1}.Release|Win32.Build.0 = Release|Win32
		{3596FA86-D0CA-47CB-A17D-B4D9163441D1}.Release|Win32.Deploy.0 = Release|Win32
		{B840D6D4-8C6C-49FE-92AB-F553FAE48C0B}.Debug|Win32.ActiveCfg = Debug|Win32
		{B840D6D4-8C6C-49FE-92AB-F553FAE48C0B}.Debug|Win32.Build.0 = Debug|Win32
		{B840D6D4-8C6C-49FE-92AB-F553FAE48C0B}.Debug|Win32.Deploy.0 = Debug|Win32
		{B840D6D4-8C6C-49FE-92AB-F553FAE48C0B}.Release|Win32.ActiveCfg = Release|Win32
		{B840D6D4-8C6C-49FE-92AB-F553FAE48C0B}.Release|Win32.Build.0 = Release|Win32
		{B840D6D4-8C6C-49FE-92AB-F553FAE48C0B}.Release|Win32.Deploy.0 = Release|Win32
		{4E60BEEA-0CD8-4976-81B1-7EBB44D29181}.Debug|Win32.ActiveCfg = Debug|Win32
		{4E60BEEA-0CD8-4976-81B1-7EBB44D29181}.Debug|Win32.Build.0 = Debug|Win32
		{4E60BEEA-0CD8-4976-81B1-7EBB44D29181}.Release|Win32.ActiveCfg = Release|Win32
		{4E60BEEA-0CD8-4976-81B1-7EBB44D29181}.Release|Win32.Build.0 = Release|Win32
	EndGlobalSection
	GlobalSection(NestedProjects) = preSolution
		{4E60BEEA-0CD8-4976-81B1-7EBB44D29181} = {D0C7437C-358C-42B8-A99E-714F1AE73E5B}
		{32A8DE89-0DE8-4853-8C9F-73EDF09714FC} = {F6F4BED5-F512-449A-B76B-CDAA47B86500}
		{DFE8CAB2-B237-40E4-A137-CFB5C16FE3E6} = {F6F4BED5-F512-449A-B76B-CDAA47B86500}
		{B81ADAAD-8CDE-4DCE-A850-E03D271DD342} = {F6F4BED5-F512-449A-B76B-CDAA47B86500}
		{6BCE304E-AD3B-449E-875F-244D5188807B} = {8659B69A-897D-4E38-B8A1-5EE4A3C7BD99}
		{85D58E67-0D20-40F0-847F-FCB1C4E4ED71} = {8659B69A-897D-4E38-B8A1-5EE4A3C7BD99}
		{BD2F93F5-6C0B-4935-8721-7C124B9DB0A2} = {8659B69A-897D-4E38-B8A1-5EE4A3C7BD99}
		{3596FA86-D0CA-47CB-A17D-B4D9163441D1} = {8659B69A-897D-4E38-B8A1-5EE4A3C7BD99}
		{B840D6D4-8C6C-49FE-92AB-F553FAE48C0B} = {8659B69A-897D-4E38-B8A1-5EE4A3C7BD99}
	EndGlobalSection
	GlobalSection(ExtensibilityGlobals) = postSolution
	EndGlobalSection
	GlobalSection(ExtensibilityAddIns) = postSolution
	EndGlobalSection
EndGlobal
