<?xml version="1.0" encoding="Windows-1252"?>
<Project ToolsVersion="12.0" xmlns="http://schemas.microsoft.com/developer/msbuild/2003">
  <ItemGroup>
    <ClCompile Include="..\..\..\modules\calib3d\src\calib3d_init.cpp">
      <Filter>Src</Filter>
    </ClCompile>
    <ClCompile Include="..\..\..\modules\calib3d\src\calibinit.cpp">
      <Filter>Src</Filter>
    </ClCompile>
    <ClCompile Include="..\..\..\modules\calib3d\src\calibration.cpp">
      <Filter>Src</Filter>
    </ClCompile>
    <ClCompile Include="..\..\..\modules\calib3d\src\checkchessboard.cpp">
      <Filter>Src</Filter>
    </ClCompile>
    <ClCompile Include="..\..\..\modules\calib3d\src\circlesgrid.cpp">
      <Filter>Src</Filter>
    </ClCompile>
    <ClCompile Include="..\..\..\modules\calib3d\src\compat_ptsetreg.cpp">
      <Filter>Src</Filter>
    </ClCompile>
    <ClCompile Include="..\..\..\modules\calib3d\src\compat_stereo.cpp">
      <Filter>Src</Filter>
    </ClCompile>
    <ClCompile Include="..\..\..\modules\calib3d\src\epnp.cpp">
      <Filter>Src</Filter>
    </ClCompile>
    <ClCompile Include="..\..\..\modules\calib3d\src\five-point.cpp">
      <Filter>Src</Filter>
    </ClCompile>
    <ClCompile Include="..\..\..\modules\calib3d\src\fundam.cpp">
      <Filter>Src</Filter>
    </ClCompile>
    <ClCompile Include="..\..\..\modules\calib3d\src\levmarq.cpp">
      <Filter>Src</Filter>
    </ClCompile>
    <ClCompile Include="..\..\..\modules\calib3d\src\p3p.cpp">
      <Filter>Src</Filter>
    </ClCompile>
    <ClCompile Include="..\..\..\modules\calib3d\src\polynom_solver.cpp">
      <Filter>Src</Filter>
    </ClCompile>
    <ClCompile Include="..\..\..\modules\calib3d\src\posit.cpp">
      <Filter>Src</Filter>
    </ClCompile>
    <ClCompile Include="..\..\..\modules\calib3d\src\ptsetreg.cpp">
      <Filter>Src</Filter>
    </ClCompile>
    <ClCompile Include="..\..\..\modules\calib3d\src\quadsubpix.cpp">
      <Filter>Src</Filter>
    </ClCompile>
    <ClCompile Include="..\..\..\modules\calib3d\src\solvepnp.cpp">
      <Filter>Src</Filter>
    </ClCompile>
    <ClCompile Include="..\..\..\modules\calib3d\src\stereobm.cpp">
      <Filter>Src</Filter>
    </ClCompile>
    <ClCompile Include="..\..\..\modules\calib3d\src\stereosgbm.cpp">
      <Filter>Src</Filter>
    </ClCompile>
    <ClCompile Include="..\..\..\modules\calib3d\src\triangulate.cpp">
      <Filter>Src</Filter>
    </ClCompile>
    <ClCompile Include="opencl_kernels.cpp">
      <Filter>Src\opencl\kernels\autogenerated</Filter>
    </ClCompile>
    <ClCompile Include="opencv_calib3d_pch.cpp">
      <Filter>Source Files</Filter>
    </ClCompile>
  </ItemGroup>
  <ItemGroup>
    <ClInclude Include="..\..\..\modules\calib3d\include\opencv2\calib3d.hpp">
      <Filter>Include\opencv2</Filter>
    </ClInclude>
    <ClInclude Include="..\..\..\modules\calib3d\include\opencv2\calib3d\calib3d.hpp">
      <Filter>Include\opencv2\calib3d</Filter>
    </ClInclude>
    <ClInclude Include="..\..\..\modules\calib3d\include\opencv2\calib3d\calib3d_c.h">
      <Filter>Include\opencv2\calib3d</Filter>
    </ClInclude>
    <ClInclude Include="opencl_kernels.hpp">
      <Filter>Src\opencl\kernels\autogenerated</Filter>
    </ClInclude>
    <ClInclude Include="..\..\..\modules\calib3d\src\circlesgrid.hpp">
      <Filter>Src</Filter>
    </ClInclude>
    <ClInclude Include="..\..\..\modules\calib3d\src\precomp.hpp">
      <Filter>Src</Filter>
    </ClInclude>
    <ClInclude Include="..\..\..\modules\calib3d\src\epnp.h">
      <Filter>Src</Filter>
    </ClInclude>
    <ClInclude Include="..\..\..\modules\calib3d\src\p3p.h">
      <Filter>Src</Filter>
    </ClInclude>
    <ClInclude Include="..\..\..\modules\calib3d\src\polynom_solver.h">
      <Filter>Src</Filter>
    </ClInclude>
    <ClInclude Include="..\..\cvconfig.h">
      <Filter>Header Files</Filter>
    </ClInclude>
    <ClInclude Include="..\..\opencv2\opencv_modules.hpp">
      <Filter>Header Files</Filter>
    </ClInclude>
  </ItemGroup>
  <ItemGroup>
    <CustomBuild Include="..\..\..\modules\calib3d\CMakeLists.txt" />
    <CustomBuild Include="..\..\CMakeFiles\a5408413e9dc2bcf947d374d7497609b\opencl_kernels.cpp.rule">
      <Filter>CMake Rules</Filter>
    </CustomBuild>
  </ItemGroup>
  <ItemGroup>
    <None Include="..\..\..\modules\calib3d\src\opencl\stereobm.cl">
      <Filter>Src\opencl\kernels</Filter>
    </None>
  </ItemGroup>
  <ItemGroup>
    <Filter Include="Include\opencv2\calib3d">
      <UniqueIdentifier>{6E74F36F-F337-4608-A240-8AA1FE486029}</UniqueIdentifier>
    </Filter>
    <Filter Include="Src\opencl\kernels">
      <UniqueIdentifier>{6FAC1FE9-EDAC-4522-8A09-1AD1B2C15885}</UniqueIdentifier>
    </Filter>
    <Filter Include="Include\opencv2">
      <UniqueIdentifier>{F6FDFA45-5E41-43CB-8F17-9FAD9F2D5543}</UniqueIdentifier>
    </Filter>
    <Filter Include="Src\opencl">
      <UniqueIdentifier>{CFDD7017-B492-4EA9-A5B4-049F163C3242}</UniqueIdentifier>
    </Filter>
    <Filter Include="Src\opencl\kernels\autogenerated">
      <UniqueIdentifier>{AC7BFF52-A95B-4653-BB7A-4EDB10D9F906}</UniqueIdentifier>
    </Filter>
    <Filter Include="Source Files">
      <UniqueIdentifier>{767091AC-86A9-4490-BAF7-D1E62377CF42}</UniqueIdentifier>
    </Filter>
    <Filter Include="Header Files">
      <UniqueIdentifier>{52381694-BCD0-4F6F-A787-DF573317999D}</UniqueIdentifier>
    </Filter>
    <Filter Include="CMake Rules">
      <UniqueIdentifier>{9E5DD94C-0B94-48CE-9B57-5849A0545B22}</UniqueIdentifier>
    </Filter>
    <Filter Include="Src">
      <UniqueIdentifier>{EC495AF8-AC86-47E8-80BB-40DAD6F71825}</UniqueIdentifier>
    </Filter>
    <Filter Include="Include">
      <UniqueIdentifier>{6BBB6795-B3AA-4EA1-8D71-F1764CC461C3}</UniqueIdentifier>
    </Filter>
  </ItemGroup>
</Project>
