<?xml version="1.0" encoding="Windows-1252"?>
<Project ToolsVersion="12.0" xmlns="http://schemas.microsoft.com/developer/msbuild/2003">
  <ItemGroup>
    <ClCompile Include="..\..\..\modules\stitching\src\autocalib.cpp">
      <Filter>Src</Filter>
    </ClCompile>
    <ClCompile Include="..\..\..\modules\stitching\src\blenders.cpp">
      <Filter>Src</Filter>
    </ClCompile>
    <ClCompile Include="..\..\..\modules\stitching\src\camera.cpp">
      <Filter>Src</Filter>
    </ClCompile>
    <ClCompile Include="..\..\..\modules\stitching\src\exposure_compensate.cpp">
      <Filter>Src</Filter>
    </ClCompile>
    <ClCompile Include="..\..\..\modules\stitching\src\matchers.cpp">
      <Filter>Src</Filter>
    </ClCompile>
    <ClCompile Include="..\..\..\modules\stitching\src\motion_estimators.cpp">
      <Filter>Src</Filter>
    </ClCompile>
    <ClCompile Include="..\..\..\modules\stitching\src\seam_finders.cpp">
      <Filter>Src</Filter>
    </ClCompile>
    <ClCompile Include="..\..\..\modules\stitching\src\stitcher.cpp">
      <Filter>Src</Filter>
    </ClCompile>
    <ClCompile Include="..\..\..\modules\stitching\src\util.cpp">
      <Filter>Src</Filter>
    </ClCompile>
    <ClCompile Include="..\..\..\modules\stitching\src\warpers.cpp">
      <Filter>Src</Filter>
    </ClCompile>
    <ClCompile Include="opencl_kernels.cpp">
      <Filter>Src\opencl\kernels\autogenerated</Filter>
    </ClCompile>
    <ClCompile Include="opencv_stitching_pch.cpp">
      <Filter>Source Files</Filter>
    </ClCompile>
  </ItemGroup>
  <ItemGroup>
    <ClInclude Include="..\..\..\modules\stitching\include\opencv2\stitching.hpp">
      <Filter>Include\opencv2</Filter>
    </ClInclude>
    <ClInclude Include="..\..\..\modules\stitching\include\opencv2\stitching\warpers.hpp">
      <Filter>Include\opencv2\stitching</Filter>
    </ClInclude>
    <ClInclude Include="..\..\..\modules\stitching\include\opencv2\stitching\detail\autocalib.hpp">
      <Filter>Include\opencv2\stitching\detail</Filter>
    </ClInclude>
    <ClInclude Include="..\..\..\modules\stitching\include\opencv2\stitching\detail\blenders.hpp">
      <Filter>Include\opencv2\stitching\detail</Filter>
    </ClInclude>
    <ClInclude Include="..\..\..\modules\stitching\include\opencv2\stitching\detail\camera.hpp">
      <Filter>Include\opencv2\stitching\detail</Filter>
    </ClInclude>
    <ClInclude Include="..\..\..\modules\stitching\include\opencv2\stitching\detail\exposure_compensate.hpp">
      <Filter>Include\opencv2\stitching\detail</Filter>
    </ClInclude>
    <ClInclude Include="..\..\..\modules\stitching\include\opencv2\stitching\detail\matchers.hpp">
      <Filter>Include\opencv2\stitching\detail</Filter>
    </ClInclude>
    <ClInclude Include="..\..\..\modules\stitching\include\opencv2\stitching\detail\motion_estimators.hpp">
      <Filter>Include\opencv2\stitching\detail</Filter>
    </ClInclude>
    <ClInclude Include="..\..\..\modules\stitching\include\opencv2\stitching\detail\seam_finders.hpp">
      <Filter>Include\opencv2\stitching\detail</Filter>
    </ClInclude>
    <ClInclude Include="..\..\..\modules\stitching\include\opencv2\stitching\detail\util.hpp">
      <Filter>Include\opencv2\stitching\detail</Filter>
    </ClInclude>
    <ClInclude Include="..\..\..\modules\stitching\include\opencv2\stitching\detail\util_inl.hpp">
      <Filter>Include\opencv2\stitching\detail</Filter>
    </ClInclude>
    <ClInclude Include="..\..\..\modules\stitching\include\opencv2\stitching\detail\warpers.hpp">
      <Filter>Include\opencv2\stitching\detail</Filter>
    </ClInclude>
    <ClInclude Include="..\..\..\modules\stitching\include\opencv2\stitching\detail\warpers_inl.hpp">
      <Filter>Include\opencv2\stitching\detail</Filter>
    </ClInclude>
    <ClInclude Include="opencl_kernels.hpp">
      <Filter>Src\opencl\kernels\autogenerated</Filter>
    </ClInclude>
    <ClInclude Include="..\..\..\modules\stitching\src\precomp.hpp">
      <Filter>Src</Filter>
    </ClInclude>
    <ClInclude Include="..\..\cvconfig.h">
      <Filter>Header Files</Filter>
    </ClInclude>
    <ClInclude Include="..\..\opencv2\opencv_modules.hpp">
      <Filter>Header Files</Filter>
    </ClInclude>
  </ItemGroup>
  <ItemGroup>
    <CustomBuild Include="..\..\..\modules\stitching\CMakeLists.txt" />
    <CustomBuild Include="..\..\CMakeFiles\3fdba990f970b19c0bfb3e593166f2f3\opencl_kernels.cpp.rule">
      <Filter>CMake Rules</Filter>
    </CustomBuild>
  </ItemGroup>
  <ItemGroup>
    <None Include="..\..\..\modules\stitching\src\opencl\multibandblend.cl">
      <Filter>Src\opencl\kernels</Filter>
    </None>
    <None Include="..\..\..\modules\stitching\src\opencl\warpers.cl">
      <Filter>Src\opencl\kernels</Filter>
    </None>
  </ItemGroup>
  <ItemGroup>
    <Filter Include="Src\opencl\kernels\autogenerated">
      <UniqueIdentifier>{0BB061A6-739B-4F5D-ACC2-7082B34AB9E5}</UniqueIdentifier>
    </Filter>
    <Filter Include="Src\opencl\kernels">
      <UniqueIdentifier>{0A9F064F-FA13-460C-86AA-AE7A36BBBC02}</UniqueIdentifier>
    </Filter>
    <Filter Include="Include\opencv2\stitching\detail">
      <UniqueIdentifier>{8EB6F09F-5C6F-45CB-A9CE-E19FEDC5779C}</UniqueIdentifier>
    </Filter>
    <Filter Include="Src\opencl">
      <UniqueIdentifier>{94BD6FCF-5DA7-4521-89E8-B644E01A7401}</UniqueIdentifier>
    </Filter>
    <Filter Include="Include\opencv2">
      <UniqueIdentifier>{46F250A0-8E47-435B-AA6D-63BE37DC14CB}</UniqueIdentifier>
    </Filter>
    <Filter Include="Include\opencv2\stitching">
      <UniqueIdentifier>{954958DD-3BB0-4662-B3BD-E9334B62B6CE}</UniqueIdentifier>
    </Filter>
    <Filter Include="Source Files">
      <UniqueIdentifier>{96577C88-345F-4825-9361-6A50B4D0BF5B}</UniqueIdentifier>
    </Filter>
    <Filter Include="Header Files">
      <UniqueIdentifier>{320CC2DE-DBEA-4C4A-8577-F38EAC518C7E}</UniqueIdentifier>
    </Filter>
    <Filter Include="CMake Rules">
      <UniqueIdentifier>{748E4F77-ADA2-4BF0-93D3-5C7C903FA144}</UniqueIdentifier>
    </Filter>
    <Filter Include="Src">
      <UniqueIdentifier>{80677655-3788-4CF4-8CDF-EA5D995FD516}</UniqueIdentifier>
    </Filter>
    <Filter Include="Include">
      <UniqueIdentifier>{5F18663E-7087-4066-92AC-544566DB23D7}</UniqueIdentifier>
    </Filter>
  </ItemGroup>
</Project>
