<?xml version="1.0" encoding="Windows-1252"?>
<Project ToolsVersion="12.0" xmlns="http://schemas.microsoft.com/developer/msbuild/2003">
  <ItemGroup>
    <ClCompile Include="..\..\..\modules\calib3d\src\calib3d_init.cpp">
      <Filter>Src</Filter>
    </ClCompile>
    <ClCompile Include="..\..\..\modules\calib3d\src\calibinit.cpp">
      <Filter>Src</Filter>
    </ClCompile>
    <ClCompile Include="..\..\..\modules\calib3d\src\calibration.cpp">
      <Filter>Src</Filter>
    </ClCompile>
    <ClCompile Include="..\..\..\modules\calib3d\src\checkchessboard.cpp">
      <Filter>Src</Filter>
    </ClCompile>
    <ClCompile Include="..\..\..\modules\calib3d\src\circlesgrid.cpp">
      <Filter>Src</Filter>
    </ClCompile>
    <ClCompile Include="..\..\..\modules\calib3d\src\compat_ptsetreg.cpp">
      <Filter>Src</Filter>
    </ClCompile>
    <ClCompile Include="..\..\..\modules\calib3d\src\compat_stereo.cpp">
      <Filter>Src</Filter>
    </ClCompile>
    <ClCompile Include="..\..\..\modules\calib3d\src\epnp.cpp">
      <Filter>Src</Filter>
    </ClCompile>
    <ClCompile Include="..\..\..\modules\calib3d\src\five-point.cpp">
      <Filter>Src</Filter>
    </ClCompile>
    <ClCompile Include="..\..\..\modules\calib3d\src\fundam.cpp">
      <Filter>Src</Filter>
    </ClCompile>
    <ClCompile Include="..\..\..\modules\calib3d\src\levmarq.cpp">
      <Filter>Src</Filter>
    </ClCompile>
    <ClCompile Include="..\..\..\modules\calib3d\src\p3p.cpp">
      <Filter>Src</Filter>
    </ClCompile>
    <ClCompile Include="..\..\..\modules\calib3d\src\polynom_solver.cpp">
      <Filter>Src</Filter>
    </ClCompile>
    <ClCompile Include="..\..\..\modules\calib3d\src\posit.cpp">
      <Filter>Src</Filter>
    </ClCompile>
    <ClCompile Include="..\..\..\modules\calib3d\src\ptsetreg.cpp">
      <Filter>Src</Filter>
    </ClCompile>
    <ClCompile Include="..\..\..\modules\calib3d\src\quadsubpix.cpp">
      <Filter>Src</Filter>
    </ClCompile>
    <ClCompile Include="..\..\..\modules\calib3d\src\solvepnp.cpp">
      <Filter>Src</Filter>
    </ClCompile>
    <ClCompile Include="..\..\..\modules\calib3d\src\stereobm.cpp">
      <Filter>Src</Filter>
    </ClCompile>
    <ClCompile Include="..\..\..\modules\calib3d\src\stereosgbm.cpp">
      <Filter>Src</Filter>
    </ClCompile>
    <ClCompile Include="..\..\..\modules\calib3d\src\triangulate.cpp">
      <Filter>Src</Filter>
    </ClCompile>
    <ClCompile Include="opencl_kernels.cpp">
      <Filter>Src\opencl\kernels\autogenerated</Filter>
    </ClCompile>
    <ClCompile Include="opencv_calib3d_pch.cpp">
      <Filter>Source Files</Filter>
    </ClCompile>
  </ItemGroup>
  <ItemGroup>
    <ClInclude Include="..\..\..\modules\calib3d\include\opencv2\calib3d.hpp">
      <Filter>Include\opencv2</Filter>
    </ClInclude>
    <ClInclude Include="..\..\..\modules\calib3d\include\opencv2\calib3d\calib3d.hpp">
      <Filter>Include\opencv2\calib3d</Filter>
    </ClInclude>
    <ClInclude Include="..\..\..\modules\calib3d\include\opencv2\calib3d\calib3d_c.h">
      <Filter>Include\opencv2\calib3d</Filter>
    </ClInclude>
    <ClInclude Include="opencl_kernels.hpp">
      <Filter>Src\opencl\kernels\autogenerated</Filter>
    </ClInclude>
    <ClInclude Include="..\..\..\modules\calib3d\src\circlesgrid.hpp">
      <Filter>Src</Filter>
    </ClInclude>
    <ClInclude Include="..\..\..\modules\calib3d\src\precomp.hpp">
      <Filter>Src</Filter>
    </ClInclude>
    <ClInclude Include="..\..\..\modules\calib3d\src\epnp.h">
      <Filter>Src</Filter>
    </ClInclude>
    <ClInclude Include="..\..\..\modules\calib3d\src\p3p.h">
      <Filter>Src</Filter>
    </ClInclude>
    <ClInclude Include="..\..\..\modules\calib3d\src\polynom_solver.h">
      <Filter>Src</Filter>
    </ClInclude>
    <ClInclude Include="..\..\cvconfig.h">
      <Filter>Header Files</Filter>
    </ClInclude>
    <ClInclude Include="..\..\opencv2\opencv_modules.hpp">
      <Filter>Header Files</Filter>
    </ClInclude>
  </ItemGroup>
  <ItemGroup>
    <CustomBuild Include="..\..\..\modules\calib3d\CMakeLists.txt" />
    <CustomBuild Include="..\..\CMakeFiles\f7dc6d897ba9769d5d922ea5ad919836\opencl_kernels.cpp.rule">
      <Filter>CMake Rules</Filter>
    </CustomBuild>
  </ItemGroup>
  <ItemGroup>
    <None Include="..\..\..\modules\calib3d\src\opencl\stereobm.cl">
      <Filter>Src\opencl\kernels</Filter>
    </None>
  </ItemGroup>
  <ItemGroup>
    <Filter Include="Src\opencl\kernels">
      <UniqueIdentifier>{A100C4C6-2012-4FF1-BE3F-E9D00B1D7474}</UniqueIdentifier>
    </Filter>
    <Filter Include="Src\opencl">
      <UniqueIdentifier>{4B3B2FD8-B475-41A4-8AAE-A8924B1377FC}</UniqueIdentifier>
    </Filter>
    <Filter Include="Src\opencl\kernels\autogenerated">
      <UniqueIdentifier>{FDB39B13-B240-4E93-AA0D-E84CE5501E1D}</UniqueIdentifier>
    </Filter>
    <Filter Include="Include\opencv2\calib3d">
      <UniqueIdentifier>{84C5327A-8E2F-4A9A-BC46-CA4AF4E989A4}</UniqueIdentifier>
    </Filter>
    <Filter Include="Include\opencv2">
      <UniqueIdentifier>{614588E1-A0AE-4D49-91ED-98F1E1CC9172}</UniqueIdentifier>
    </Filter>
    <Filter Include="Source Files">
      <UniqueIdentifier>{B1DAEB1E-4081-49E4-BBFC-1291D4AE0336}</UniqueIdentifier>
    </Filter>
    <Filter Include="Header Files">
      <UniqueIdentifier>{26BBB2E3-7FA0-4B29-B7A7-EDDAB8D19605}</UniqueIdentifier>
    </Filter>
    <Filter Include="CMake Rules">
      <UniqueIdentifier>{C3DB5313-5F3E-493E-9A86-B262935BCE98}</UniqueIdentifier>
    </Filter>
    <Filter Include="Src">
      <UniqueIdentifier>{7DFD73F2-56FC-465F-A9D5-757E9F5FF16C}</UniqueIdentifier>
    </Filter>
    <Filter Include="Include">
      <UniqueIdentifier>{288B4306-C182-4AFC-8B66-8B3CB7C03EC4}</UniqueIdentifier>
    </Filter>
  </ItemGroup>
</Project>
