<?xml version="1.0" encoding="Windows-1252"?>
<Project ToolsVersion="12.0" xmlns="http://schemas.microsoft.com/developer/msbuild/2003">
  <ItemGroup>
    <ClCompile Include="..\..\..\modules\shape\src\aff_trans.cpp">
      <Filter>Src</Filter>
    </ClCompile>
    <ClCompile Include="..\..\..\modules\shape\src\emdL1.cpp">
      <Filter>Src</Filter>
    </ClCompile>
    <ClCompile Include="..\..\..\modules\shape\src\haus_dis.cpp">
      <Filter>Src</Filter>
    </ClCompile>
    <ClCompile Include="..\..\..\modules\shape\src\hist_cost.cpp">
      <Filter>Src</Filter>
    </ClCompile>
    <ClCompile Include="..\..\..\modules\shape\src\precomp.cpp">
      <Filter>Src</Filter>
    </ClCompile>
    <ClCompile Include="..\..\..\modules\shape\src\sc_dis.cpp">
      <Filter>Src</Filter>
    </ClCompile>
    <ClCompile Include="..\..\..\modules\shape\src\tps_trans.cpp">
      <Filter>Src</Filter>
    </ClCompile>
    <ClCompile Include="opencv_shape_pch.cpp">
      <Filter>Source Files</Filter>
    </ClCompile>
  </ItemGroup>
  <ItemGroup>
    <ClInclude Include="..\..\..\modules\shape\include\opencv2\shape.hpp">
      <Filter>Include\opencv2</Filter>
    </ClInclude>
    <ClInclude Include="..\..\..\modules\shape\include\opencv2\shape\emdL1.hpp">
      <Filter>Include\opencv2\shape</Filter>
    </ClInclude>
    <ClInclude Include="..\..\..\modules\shape\include\opencv2\shape\hist_cost.hpp">
      <Filter>Include\opencv2\shape</Filter>
    </ClInclude>
    <ClInclude Include="..\..\..\modules\shape\include\opencv2\shape\shape.hpp">
      <Filter>Include\opencv2\shape</Filter>
    </ClInclude>
    <ClInclude Include="..\..\..\modules\shape\include\opencv2\shape\shape_distance.hpp">
      <Filter>Include\opencv2\shape</Filter>
    </ClInclude>
    <ClInclude Include="..\..\..\modules\shape\include\opencv2\shape\shape_transformer.hpp">
      <Filter>Include\opencv2\shape</Filter>
    </ClInclude>
    <ClInclude Include="..\..\..\modules\shape\src\emdL1_def.hpp">
      <Filter>Src</Filter>
    </ClInclude>
    <ClInclude Include="..\..\..\modules\shape\src\precomp.hpp">
      <Filter>Src</Filter>
    </ClInclude>
    <ClInclude Include="..\..\..\modules\shape\src\scd_def.hpp">
      <Filter>Src</Filter>
    </ClInclude>
    <ClInclude Include="..\..\cvconfig.h">
      <Filter>Header Files</Filter>
    </ClInclude>
    <ClInclude Include="..\..\opencv2\opencv_modules.hpp">
      <Filter>Header Files</Filter>
    </ClInclude>
  </ItemGroup>
  <ItemGroup>
    <CustomBuild Include="..\..\..\modules\shape\CMakeLists.txt" />
  </ItemGroup>
  <ItemGroup>
    <Filter Include="Include\opencv2">
      <UniqueIdentifier>{614588E1-A0AE-4D49-91ED-98F1E1CC9172}</UniqueIdentifier>
    </Filter>
    <Filter Include="Include\opencv2\shape">
      <UniqueIdentifier>{0EF635AC-22A6-4F5E-9A2D-86B0F8FFE9E8}</UniqueIdentifier>
    </Filter>
    <Filter Include="Source Files">
      <UniqueIdentifier>{B1DAEB1E-4081-49E4-BBFC-1291D4AE0336}</UniqueIdentifier>
    </Filter>
    <Filter Include="Header Files">
      <UniqueIdentifier>{26BBB2E3-7FA0-4B29-B7A7-EDDAB8D19605}</UniqueIdentifier>
    </Filter>
    <Filter Include="Src">
      <UniqueIdentifier>{7DFD73F2-56FC-465F-A9D5-757E9F5FF16C}</UniqueIdentifier>
    </Filter>
    <Filter Include="Include">
      <UniqueIdentifier>{288B4306-C182-4AFC-8B66-8B3CB7C03EC4}</UniqueIdentifier>
    </Filter>
  </ItemGroup>
</Project>
